// !$*UTF8*$!
{
	archiveVersion = 1;
	classes = {
	};
	objectVersion = 46;
	objects = {

/* Begin PBXAggregateTarget section */
		53DF6901067E5B8E0090B5B0 /* All */ = {
			isa = PBXAggregateTarget;
			buildConfigurationList = C056398708A954F8003078D8 /* Build configuration list for PBXAggregateTarget "All" */;
			buildPhases = (
			);
			dependencies = (
				53DF6903067E5B930090B5B0 /* PBXTargetDependency */,
				53DF6905067E5B930090B5B0 /* PBXTargetDependency */,
				F4A8195A156D33FA00FCC771 /* PBXTargetDependency */,
			);
			name = All;
			productName = All;
		};
/* End PBXAggregateTarget section */

/* Begin PBXBuildFile section */
		13F8B89007B43554008AE28D /* Cocoa.framework in Frameworks */ = {isa = PBXBuildFile; fileRef = DD92D38A0106425D02CA0E72 /* Cocoa.framework */; };
		546DEAF3067F632A0098DCC4 /* IconTray.framework in Frameworks */ = {isa = PBXBuildFile; fileRef = 53DF68FD067E5B5A0090B5B0 /* IconTray.framework */; };
		54D33B2906778E3300C9C163 /* IconTray.classdescription in Resources */ = {isa = PBXBuildFile; fileRef = 54D33B2806778E3300C9C163 /* IconTray.classdescription */; };
		8D1AC96C0486D14A00FE50C9 /* IconTrayIBPluginInspector.m in Sources */ = {isa = PBXBuildFile; fileRef = 0259C577FE90428111CA0C5A /* IconTrayIBPluginInspector.m */; settings = {ATTRIBUTES = (); }; };
		8D1AC9700486D14A00FE50C9 /* Cocoa.framework in Frameworks */ = {isa = PBXBuildFile; fileRef = DD92D38A0106425D02CA0E72 /* Cocoa.framework */; };
		8D1AC9800486D23B00FE50C9 /* InfoPlist.strings in Resources */ = {isa = PBXBuildFile; fileRef = 8D1AC97F0486D23B00FE50C9 /* InfoPlist.strings */; };
		C044829F0C3328F4006E818F /* IconTrayIntegration.m in Sources */ = {isa = PBXBuildFile; fileRef = C044829E0C3328F4006E818F /* IconTrayIntegration.m */; };
		C059ACDD0A49E0A20079D97B /* IconTray.h in Headers */ = {isa = PBXBuildFile; fileRef = C059ACDB0A49E0A20079D97B /* IconTray.h */; settings = {ATTRIBUTES = (Public, ); }; };
		C059ACDE0A49E0A20079D97B /* IconTray.m in Sources */ = {isa = PBXBuildFile; fileRef = C059ACDC0A49E0A20079D97B /* IconTray.m */; };
		C08787290A49DE9A00E9B151 /* IconTrayIBPlugin.m in Sources */ = {isa = PBXBuildFile; fileRef = 0259C576FE90428111CA0C5A /* IconTrayIBPlugin.m */; };
		C0A47C500A523B730004BDC3 /* IconTrayIBPluginInspector.nib in Resources */ = {isa = PBXBuildFile; fileRef = C05B20D80A48CB530099B9E5 /* IconTrayIBPluginInspector.nib */; };
		C0D069560A49DF9100C95564 /* InterfaceBuilderKit.framework in Frameworks */ = {isa = PBXBuildFile; fileRef = C0D069550A49DF9100C95564 /* InterfaceBuilderKit.framework */; };
		D1AEDE470A6C289C0010C343 /* IconTrayIBPluginLibrary.nib in Resources */ = {isa = PBXBuildFile; fileRef = D1AEDE460A6C289C0010C343 /* IconTrayIBPluginLibrary.nib */; };
		F4A8173B156D088100FCC771 /* main.m in Sources */ = {isa = PBXBuildFile; fileRef = F4A8173A156D088100FCC771 /* main.m */; };
		F4A81744156D091E00FCC771 /* MainMenu.xib in Resources */ = {isa = PBXBuildFile; fileRef = F4A81743156D091E00FCC771 /* MainMenu.xib */; };
		F4A81748156D095300FCC771 /* UITestAppDelegate.m in Sources */ = {isa = PBXBuildFile; fileRef = F4A81747156D095300FCC771 /* UITestAppDelegate.m */; };
		F4A8174F156D0B6300FCC771 /* IconTray.framework in CopyFiles */ = {isa = PBXBuildFile; fileRef = 53DF68FD067E5B5A0090B5B0 /* IconTray.framework */; };
		F4A81765156D0C0300FCC771 /* Foundation.framework in Frameworks */ = {isa = PBXBuildFile; fileRef = 13F8B88A07B434F6008AE28D /* Foundation.framework */; };
		F4A817EE156D0C0600FCC771 /* AppKit.framework in Frameworks */ = {isa = PBXBuildFile; fileRef = 13F8B88807B434F6008AE28D /* AppKit.framework */; };
		F4A818B4156D0C0C00FCC771 /* IconTray.framework in Frameworks */ = {isa = PBXBuildFile; fileRef = 53DF68FD067E5B5A0090B5B0 /* IconTray.framework */; };
		F4A81993156D37A800FCC771 /* IconTray-Dragging.m in Sources */ = {isa = PBXBuildFile; fileRef = F4A81992156D37A800FCC771 /* IconTray-Dragging.m */; };
		F4A819A4156D387D00FCC771 /* TemporaryFolder.m in Sources */ = {isa = PBXBuildFile; fileRef = F4A819A3156D387D00FCC771 /* TemporaryFolder.m */; };
		F4F8FD0D0D3FA13200CC4006 /* IconTray.tiff in Resources */ = {isa = PBXBuildFile; fileRef = F4F8FD0C0D3FA13200CC4006 /* IconTray.tiff */; };
/* End PBXBuildFile section */

/* Begin PBXContainerItemProxy section */
		53DF6902067E5B930090B5B0 /* PBXContainerItemProxy */ = {
			isa = PBXContainerItemProxy;
			containerPortal = 0259C573FE90428111CA0C5A /* Project object */;
			proxyType = 1;
			remoteGlobalIDString = 8D1AC9600486D14A00FE50C9;
			remoteInfo = IconTray3;
		};
		53DF6904067E5B930090B5B0 /* PBXContainerItemProxy */ = {
			isa = PBXContainerItemProxy;
			containerPortal = 0259C573FE90428111CA0C5A /* Project object */;
			proxyType = 1;
			remoteGlobalIDString = 53DF68FC067E5B5A0090B5B0;
			remoteInfo = IconTray3Framework;
		};
		546DEAEF067F62F70098DCC4 /* PBXContainerItemProxy */ = {
			isa = PBXContainerItemProxy;
			containerPortal = 0259C573FE90428111CA0C5A /* Project object */;
			proxyType = 1;
			remoteGlobalIDString = 53DF68FC067E5B5A0090B5B0;
			remoteInfo = IconTray3Framework;
		};
		F4A81959156D33FA00FCC771 /* PBXContainerItemProxy */ = {
			isa = PBXContainerItemProxy;
			containerPortal = 0259C573FE90428111CA0C5A /* Project object */;
			proxyType = 1;
			remoteGlobalIDString = F4A81728156D082400FCC771;
			remoteInfo = UITest;
		};
/* End PBXContainerItemProxy section */

/* Begin PBXCopyFilesBuildPhase section */
		F4A8175F156D0B9500FCC771 /* CopyFiles */ = {
			isa = PBXCopyFilesBuildPhase;
			buildActionMask = 2147483647;
			dstPath = "";
			dstSubfolderSpec = 10;
			files = (
				F4A8174F156D0B6300FCC771 /* IconTray.framework in CopyFiles */,
			);
			runOnlyForDeploymentPostprocessing = 0;
		};
/* End PBXCopyFilesBuildPhase section */

/* Begin PBXFileReference section */
		0259C576FE90428111CA0C5A /* IconTrayIBPlugin.m */ = {isa = PBXFileReference; fileEncoding = 30; lastKnownFileType = sourcecode.c.objc; path = IconTrayIBPlugin.m; sourceTree = "<group>"; };
		0259C577FE90428111CA0C5A /* IconTrayIBPluginInspector.m */ = {isa = PBXFileReference; fileEncoding = 30; lastKnownFileType = sourcecode.c.objc; path = IconTrayIBPluginInspector.m; sourceTree = "<group>"; };
		0259C57AFE90428111CA0C5A /* IconTrayIBPlugin.h */ = {isa = PBXFileReference; fileEncoding = 30; lastKnownFileType = sourcecode.c.h; path = IconTrayIBPlugin.h; sourceTree = "<group>"; };
		0259C57BFE90428111CA0C5A /* IconTrayIBPluginInspector.h */ = {isa = PBXFileReference; fileEncoding = 30; lastKnownFileType = sourcecode.c.h; path = IconTrayIBPluginInspector.h; sourceTree = "<group>"; };
		13F8B88807B434F6008AE28D /* AppKit.framework */ = {isa = PBXFileReference; lastKnownFileType = wrapper.framework; name = AppKit.framework; path = /System/Library/Frameworks/AppKit.framework; sourceTree = "<absolute>"; };
		13F8B88907B434F6008AE28D /* CoreData.framework */ = {isa = PBXFileReference; lastKnownFileType = wrapper.framework; name = CoreData.framework; path = /System/Library/Frameworks/CoreData.framework; sourceTree = "<absolute>"; };
		13F8B88A07B434F6008AE28D /* Foundation.framework */ = {isa = PBXFileReference; lastKnownFileType = wrapper.framework; name = Foundation.framework; path = /System/Library/Frameworks/Foundation.framework; sourceTree = "<absolute>"; };
		32DBCF980370C29C00C91783 /* IconTrayIBPlugin_Prefix.pch */ = {isa = PBXFileReference; fileEncoding = 4; lastKnownFileType = sourcecode.c.h; path = IconTrayIBPlugin_Prefix.pch; sourceTree = "<group>"; };
		53DF68FD067E5B5A0090B5B0 /* IconTray.framework */ = {isa = PBXFileReference; explicitFileType = wrapper.framework; includeInIndex = 0; path = IconTray.framework; sourceTree = BUILT_PRODUCTS_DIR; };
		53DF68FE067E5B5A0090B5B0 /* IconTrayFramework-Info.plist */ = {isa = PBXFileReference; lastKnownFileType = text.plist.xml; path = "IconTrayFramework-Info.plist"; sourceTree = "<group>"; };
		54D33B2806778E3300C9C163 /* IconTray.classdescription */ = {isa = PBXFileReference; fileEncoding = 4; lastKnownFileType = text; path = IconTray.classdescription; sourceTree = "<group>"; };
		8D1AC9730486D14A00FE50C9 /* Info.plist */ = {isa = PBXFileReference; fileEncoding = 4; lastKnownFileType = text.plist; path = Info.plist; sourceTree = "<group>"; };
		8D1AC9740486D14A00FE50C9 /* IconTrayIBPlugin.ibplugin */ = {isa = PBXFileReference; explicitFileType = wrapper.cfbundle; includeInIndex = 0; path = IconTrayIBPlugin.ibplugin; sourceTree = BUILT_PRODUCTS_DIR; };
		8D1AC97B0486D23100FE50C9 /* English */ = {isa = PBXFileReference; fileEncoding = 10; lastKnownFileType = text.plist.strings; name = English; path = English.lproj/InfoPlist.strings; sourceTree = "<group>"; };
		C044829E0C3328F4006E818F /* IconTrayIntegration.m */ = {isa = PBXFileReference; fileEncoding = 30; lastKnownFileType = sourcecode.c.objc; path = IconTrayIntegration.m; sourceTree = "<group>"; };
		C059ACDB0A49E0A20079D97B /* IconTray.h */ = {isa = PBXFileReference; fileEncoding = 4; lastKnownFileType = sourcecode.c.h; path = IconTray.h; sourceTree = "<group>"; };
		C059ACDC0A49E0A20079D97B /* IconTray.m */ = {isa = PBXFileReference; fileEncoding = 4; lastKnownFileType = sourcecode.c.objc; path = IconTray.m; sourceTree = "<group>"; };
		C05B20D80A48CB530099B9E5 /* IconTrayIBPluginInspector.nib */ = {isa = PBXFileReference; fileEncoding = 30; lastKnownFileType = wrapper.nib; name = IconTrayIBPluginInspector.nib; path = English.lproj/IconTrayIBPluginInspector.nib; sourceTree = "<group>"; };
		C0D069550A49DF9100C95564 /* InterfaceBuilderKit.framework */ = {isa = PBXFileReference; lastKnownFileType = wrapper.framework; name = InterfaceBuilderKit.framework; path = /Developer/Library/Frameworks/InterfaceBuilderKit.framework; sourceTree = "<absolute>"; };
		D1AEDE460A6C289C0010C343 /* IconTrayIBPluginLibrary.nib */ = {isa = PBXFileReference; lastKnownFileType = wrapper.nib; name = IconTrayIBPluginLibrary.nib; path = English.lproj/IconTrayIBPluginLibrary.nib; sourceTree = "<group>"; };
		DD92D38A0106425D02CA0E72 /* Cocoa.framework */ = {isa = PBXFileReference; lastKnownFileType = wrapper.framework; name = Cocoa.framework; path = /System/Library/Frameworks/Cocoa.framework; sourceTree = "<absolute>"; };
		F4A81729156D082400FCC771 /* UITest.app */ = {isa = PBXFileReference; explicitFileType = wrapper.application; includeInIndex = 0; path = UITest.app; sourceTree = BUILT_PRODUCTS_DIR; };
		F4A8172B156D082400FCC771 /* UITest-Info.plist */ = {isa = PBXFileReference; lastKnownFileType = text.plist.xml; path = "UITest-Info.plist"; sourceTree = "<group>"; };
		F4A8173A156D088100FCC771 /* main.m */ = {isa = PBXFileReference; fileEncoding = 4; lastKnownFileType = sourcecode.c.objc; path = main.m; sourceTree = "<group>"; };
		F4A81743156D091E00FCC771 /* MainMenu.xib */ = {isa = PBXFileReference; lastKnownFileType = file.xib; path = MainMenu.xib; sourceTree = "<group>"; };
		F4A81746156D095300FCC771 /* UITestAppDelegate.h */ = {isa = PBXFileReference; fileEncoding = 4; lastKnownFileType = sourcecode.c.h; path = UITestAppDelegate.h; sourceTree = "<group>"; };
		F4A81747156D095300FCC771 /* UITestAppDelegate.m */ = {isa = PBXFileReference; fileEncoding = 4; lastKnownFileType = sourcecode.c.objc; path = UITestAppDelegate.m; sourceTree = "<group>"; };
		F4A81992156D37A800FCC771 /* IconTray-Dragging.m */ = {isa = PBXFileReference; fileEncoding = 4; lastKnownFileType = sourcecode.c.objc; name = "IconTray-Dragging.m"; path = "../IconTray-Dragging.m"; sourceTree = SOURCE_ROOT; };
		F4A819A2156D387D00FCC771 /* TemporaryFolder.h */ = {isa = PBXFileReference; fileEncoding = 4; lastKnownFileType = sourcecode.c.h; name = TemporaryFolder.h; path = ../TemporaryFolder.h; sourceTree = SOURCE_ROOT; };
		F4A819A3156D387D00FCC771 /* TemporaryFolder.m */ = {isa = PBXFileReference; fileEncoding = 4; lastKnownFileType = sourcecode.c.objc; name = TemporaryFolder.m; path = ../TemporaryFolder.m; sourceTree = SOURCE_ROOT; };
		F4F8FD0C0D3FA13200CC4006 /* IconTray.tiff */ = {isa = PBXFileReference; lastKnownFileType = image.tiff; path = IconTray.tiff; sourceTree = "<group>"; };
/* End PBXFileReference section */

/* Begin PBXFrameworksBuildPhase section */
		53DF68FB067E5B5A0090B5B0 /* Frameworks */ = {
			isa = PBXFrameworksBuildPhase;
			buildActionMask = 2147483647;
			files = (
				13F8B89007B43554008AE28D /* Cocoa.framework in Frameworks */,
			);
			runOnlyForDeploymentPostprocessing = 0;
		};
		8D1AC96E0486D14A00FE50C9 /* Frameworks */ = {
			isa = PBXFrameworksBuildPhase;
			buildActionMask = 2147483647;
			files = (
				8D1AC9700486D14A00FE50C9 /* Cocoa.framework in Frameworks */,
				546DEAF3067F632A0098DCC4 /* IconTray.framework in Frameworks */,
				C0D069560A49DF9100C95564 /* InterfaceBuilderKit.framework in Frameworks */,
			);
			runOnlyForDeploymentPostprocessing = 0;
		};
		F4A81727156D082400FCC771 /* Frameworks */ = {
			isa = PBXFrameworksBuildPhase;
			buildActionMask = 2147483647;
			files = (
				F4A818B4156D0C0C00FCC771 /* IconTray.framework in Frameworks */,
				F4A817EE156D0C0600FCC771 /* AppKit.framework in Frameworks */,
				F4A81765156D0C0300FCC771 /* Foundation.framework in Frameworks */,
			);
			runOnlyForDeploymentPostprocessing = 0;
		};
/* End PBXFrameworksBuildPhase section */

/* Begin PBXGroup section */
		0259C574FE90428111CA0C5A /* IconTray3 */ = {
			isa = PBXGroup;
			children = (
				F4A81738156D085700FCC771 /* UITest */,
				32DBCF9E0370C38000C91783 /* Plugin */,
				54D33B2C06778E4400C9C163 /* Framework */,
				0259C582FE90428111CA0C5A /* Resources */,
				1ED78706FE9D4A0611CA0C5A /* Products */,
				2E58F364FFB232C311CA0CBA /* Frameworks */,
			);
			name = IconTray3;
			sourceTree = "<group>";
		};
		0259C582FE90428111CA0C5A /* Resources */ = {
			isa = PBXGroup;
			children = (
				8D1AC9730486D14A00FE50C9 /* Info.plist */,
				53DF68FE067E5B5A0090B5B0 /* IconTrayFramework-Info.plist */,
				8D1AC97F0486D23B00FE50C9 /* InfoPlist.strings */,
			);
			name = Resources;
			sourceTree = "<group>";
		};
		131E8FE8067F80F40006E0CE /* Resources */ = {
			isa = PBXGroup;
			children = (
				F4F8FD0C0D3FA13200CC4006 /* IconTray.tiff */,
				D1AEDE460A6C289C0010C343 /* IconTrayIBPluginLibrary.nib */,
				C05B20D80A48CB530099B9E5 /* IconTrayIBPluginInspector.nib */,
			);
			name = Resources;
			sourceTree = "<group>";
		};
		13F8B6FD07B43410008AE28D /* Linked Frameworks */ = {
			isa = PBXGroup;
			children = (
				DD92D38A0106425D02CA0E72 /* Cocoa.framework */,
				C0D069550A49DF9100C95564 /* InterfaceBuilderKit.framework */,
			);
			name = "Linked Frameworks";
			sourceTree = "<group>";
		};
		13F8B70407B43425008AE28D /* Other Frameworks */ = {
			isa = PBXGroup;
			children = (
				13F8B88807B434F6008AE28D /* AppKit.framework */,
				13F8B88907B434F6008AE28D /* CoreData.framework */,
				13F8B88A07B434F6008AE28D /* Foundation.framework */,
			);
			name = "Other Frameworks";
			sourceTree = "<group>";
		};
		1ED78706FE9D4A0611CA0C5A /* Products */ = {
			isa = PBXGroup;
			children = (
				8D1AC9740486D14A00FE50C9 /* IconTrayIBPlugin.ibplugin */,
				53DF68FD067E5B5A0090B5B0 /* IconTray.framework */,
				F4A81729156D082400FCC771 /* UITest.app */,
			);
			name = Products;
			sourceTree = "<group>";
		};
		2E58F364FFB232C311CA0CBA /* Frameworks */ = {
			isa = PBXGroup;
			children = (
				13F8B6FD07B43410008AE28D /* Linked Frameworks */,
				13F8B70407B43425008AE28D /* Other Frameworks */,
			);
			name = Frameworks;
			sourceTree = "<group>";
		};
		32DBCF9E0370C38000C91783 /* Plugin */ = {
			isa = PBXGroup;
			children = (
				54D33B2406778DD400C9C163 /* Class Descriptions */,
				54D33B2506778DF000C9C163 /* Classes */,
				32DBCF9F0370C38200C91783 /* Other Sources */,
				131E8FE8067F80F40006E0CE /* Resources */,
			);
			name = Plugin;
			sourceTree = "<group>";
		};
		32DBCF9F0370C38200C91783 /* Other Sources */ = {
			isa = PBXGroup;
			children = (
				C044829E0C3328F4006E818F /* IconTrayIntegration.m */,
				32DBCF980370C29C00C91783 /* IconTrayIBPlugin_Prefix.pch */,
			);
			name = "Other Sources";
			sourceTree = "<group>";
		};
		54D33B2406778DD400C9C163 /* Class Descriptions */ = {
			isa = PBXGroup;
			children = (
				54D33B2806778E3300C9C163 /* IconTray.classdescription */,
			);
			name = "Class Descriptions";
			sourceTree = "<group>";
		};
		54D33B2506778DF000C9C163 /* Classes */ = {
			isa = PBXGroup;
			children = (
				0259C57AFE90428111CA0C5A /* IconTrayIBPlugin.h */,
				0259C576FE90428111CA0C5A /* IconTrayIBPlugin.m */,
				0259C57BFE90428111CA0C5A /* IconTrayIBPluginInspector.h */,
				0259C577FE90428111CA0C5A /* IconTrayIBPluginInspector.m */,
			);
			name = Classes;
			sourceTree = "<group>";
		};
		54D33B2C06778E4400C9C163 /* Framework */ = {
			isa = PBXGroup;
			children = (
				C0894DA40C32F4C100401507 /* Classes */,
			);
			name = Framework;
			sourceTree = "<group>";
		};
		C0894DA40C32F4C100401507 /* Classes */ = {
			isa = PBXGroup;
			children = (
				C059ACDB0A49E0A20079D97B /* IconTray.h */,
				C059ACDC0A49E0A20079D97B /* IconTray.m */,
			);
			name = Classes;
			sourceTree = "<group>";
		};
		F4A81738156D085700FCC771 /* UITest */ = {
			isa = PBXGroup;
			children = (
				F4A819A2156D387D00FCC771 /* TemporaryFolder.h */,
				F4A819A3156D387D00FCC771 /* TemporaryFolder.m */,
				F4A81992156D37A800FCC771 /* IconTray-Dragging.m */,
				F4A8172B156D082400FCC771 /* UITest-Info.plist */,
				F4A8173A156D088100FCC771 /* main.m */,
				F4A81743156D091E00FCC771 /* MainMenu.xib */,
				F4A81746156D095300FCC771 /* UITestAppDelegate.h */,
				F4A81747156D095300FCC771 /* UITestAppDelegate.m */,
			);
			name = UITest;
			sourceTree = "<group>";
		};
/* End PBXGroup section */

/* Begin PBXHeadersBuildPhase section */
		53DF68F8067E5B5A0090B5B0 /* Headers */ = {
			isa = PBXHeadersBuildPhase;
			buildActionMask = 2147483647;
			files = (
				C059ACDD0A49E0A20079D97B /* IconTray.h in Headers */,
			);
			runOnlyForDeploymentPostprocessing = 0;
		};
/* End PBXHeadersBuildPhase section */

/* Begin PBXNativeTarget section */
		53DF68FC067E5B5A0090B5B0 /* IconTrayFramework */ = {
			isa = PBXNativeTarget;
			buildConfigurationList = C056397F08A954F8003078D8 /* Build configuration list for PBXNativeTarget "IconTrayFramework" */;
			buildPhases = (
				53DF68F8067E5B5A0090B5B0 /* Headers */,
				53DF68F9067E5B5A0090B5B0 /* Resources */,
				53DF68FA067E5B5A0090B5B0 /* Sources */,
				53DF68FB067E5B5A0090B5B0 /* Frameworks */,
			);
			buildRules = (
			);
			dependencies = (
			);
			name = IconTrayFramework;
			productName = IconTray3Framework;
			productReference = 53DF68FD067E5B5A0090B5B0 /* IconTray.framework */;
			productType = "com.apple.product-type.framework";
		};
		8D1AC9600486D14A00FE50C9 /* IconTray */ = {
			isa = PBXNativeTarget;
			buildConfigurationList = C056398308A954F8003078D8 /* Build configuration list for PBXNativeTarget "IconTray" */;
			buildPhases = (
				8D1AC9660486D14A00FE50C9 /* Resources */,
				8D1AC96A0486D14A00FE50C9 /* Sources */,
				8D1AC96E0486D14A00FE50C9 /* Frameworks */,
			);
			buildRules = (
			);
			dependencies = (
				546DEAF0067F62F70098DCC4 /* PBXTargetDependency */,
			);
			name = IconTray;
			productInstallPath = "$(HOME)/Developer/Palettes";
			productName = IconTray3;
			productReference = 8D1AC9740486D14A00FE50C9 /* IconTrayIBPlugin.ibplugin */;
			productType = "com.apple.product-type.bundle";
		};
		F4A81728156D082400FCC771 /* UITest */ = {
			isa = PBXNativeTarget;
			buildConfigurationList = F4A81732156D082600FCC771 /* Build configuration list for PBXNativeTarget "UITest" */;
			buildPhases = (
				F4A81725156D082400FCC771 /* Resources */,
				F4A81726156D082400FCC771 /* Sources */,
				F4A81727156D082400FCC771 /* Frameworks */,
				F4A8175F156D0B9500FCC771 /* CopyFiles */,
			);
			buildRules = (
			);
			dependencies = (
			);
			name = UITest;
			productName = UITest;
			productReference = F4A81729156D082400FCC771 /* UITest.app */;
			productType = "com.apple.product-type.application";
		};
/* End PBXNativeTarget section */

/* Begin PBXProject section */
		0259C573FE90428111CA0C5A /* Project object */ = {
			isa = PBXProject;
			buildConfigurationList = C056398B08A954F8003078D8 /* Build configuration list for PBXProject "IconTray3" */;
			compatibilityVersion = "Xcode 3.2";
			developmentRegion = English;
			hasScannedForEncodings = 1;
			knownRegions = (
				English,
				Japanese,
				French,
				German,
			);
			mainGroup = 0259C574FE90428111CA0C5A /* IconTray3 */;
			projectDirPath = "";
			projectRoot = "";
			targets = (
				53DF6901067E5B8E0090B5B0 /* All */,
				8D1AC9600486D14A00FE50C9 /* IconTray */,
				53DF68FC067E5B5A0090B5B0 /* IconTrayFramework */,
				F4A81728156D082400FCC771 /* UITest */,
			);
		};
/* End PBXProject section */

/* Begin PBXResourcesBuildPhase section */
		53DF68F9067E5B5A0090B5B0 /* Resources */ = {
			isa = PBXResourcesBuildPhase;
			buildActionMask = 2147483647;
			files = (
			);
			runOnlyForDeploymentPostprocessing = 0;
		};
		8D1AC9660486D14A00FE50C9 /* Resources */ = {
			isa = PBXResourcesBuildPhase;
			buildActionMask = 2147483647;
			files = (
				8D1AC9800486D23B00FE50C9 /* InfoPlist.strings in Resources */,
				54D33B2906778E3300C9C163 /* IconTray.classdescription in Resources */,
				C0A47C500A523B730004BDC3 /* IconTrayIBPluginInspector.nib in Resources */,
				D1AEDE470A6C289C0010C343 /* IconTrayIBPluginLibrary.nib in Resources */,
				F4F8FD0D0D3FA13200CC4006 /* IconTray.tiff in Resources */,
			);
			runOnlyForDeploymentPostprocessing = 0;
		};
		F4A81725156D082400FCC771 /* Resources */ = {
			isa = PBXResourcesBuildPhase;
			buildActionMask = 2147483647;
			files = (
				F4A81744156D091E00FCC771 /* MainMenu.xib in Resources */,
			);
			runOnlyForDeploymentPostprocessing = 0;
		};
/* End PBXResourcesBuildPhase section */

/* Begin PBXSourcesBuildPhase section */
		53DF68FA067E5B5A0090B5B0 /* Sources */ = {
			isa = PBXSourcesBuildPhase;
			buildActionMask = 2147483647;
			files = (
				C059ACDE0A49E0A20079D97B /* IconTray.m in Sources */,
			);
			runOnlyForDeploymentPostprocessing = 0;
		};
		8D1AC96A0486D14A00FE50C9 /* Sources */ = {
			isa = PBXSourcesBuildPhase;
			buildActionMask = 2147483647;
			files = (
				C08787290A49DE9A00E9B151 /* IconTrayIBPlugin.m in Sources */,
				8D1AC96C0486D14A00FE50C9 /* IconTrayIBPluginInspector.m in Sources */,
				C044829F0C3328F4006E818F /* IconTrayIntegration.m in Sources */,
			);
			runOnlyForDeploymentPostprocessing = 0;
		};
		F4A81726156D082400FCC771 /* Sources */ = {
			isa = PBXSourcesBuildPhase;
			buildActionMask = 2147483647;
			files = (
				F4A8173B156D088100FCC771 /* main.m in Sources */,
				F4A81748156D095300FCC771 /* UITestAppDelegate.m in Sources */,
				F4A81993156D37A800FCC771 /* IconTray-Dragging.m in Sources */,
				F4A819A4156D387D00FCC771 /* TemporaryFolder.m in Sources */,
			);
			runOnlyForDeploymentPostprocessing = 0;
		};
/* End PBXSourcesBuildPhase section */

/* Begin PBXTargetDependency section */
		53DF6903067E5B930090B5B0 /* PBXTargetDependency */ = {
			isa = PBXTargetDependency;
			target = 8D1AC9600486D14A00FE50C9 /* IconTray */;
			targetProxy = 53DF6902067E5B930090B5B0 /* PBXContainerItemProxy */;
		};
		53DF6905067E5B930090B5B0 /* PBXTargetDependency */ = {
			isa = PBXTargetDependency;
			target = 53DF68FC067E5B5A0090B5B0 /* IconTrayFramework */;
			targetProxy = 53DF6904067E5B930090B5B0 /* PBXContainerItemProxy */;
		};
		546DEAF0067F62F70098DCC4 /* PBXTargetDependency */ = {
			isa = PBXTargetDependency;
			target = 53DF68FC067E5B5A0090B5B0 /* IconTrayFramework */;
			targetProxy = 546DEAEF067F62F70098DCC4 /* PBXContainerItemProxy */;
		};
		F4A8195A156D33FA00FCC771 /* PBXTargetDependency */ = {
			isa = PBXTargetDependency;
			target = F4A81728156D082400FCC771 /* UITest */;
			targetProxy = F4A81959156D33FA00FCC771 /* PBXContainerItemProxy */;
		};
/* End PBXTargetDependency section */

/* Begin PBXVariantGroup section */
		8D1AC97F0486D23B00FE50C9 /* InfoPlist.strings */ = {
			isa = PBXVariantGroup;
			children = (
				8D1AC97B0486D23100FE50C9 /* English */,
			);
			name = InfoPlist.strings;
			sourceTree = "<group>";
		};
/* End PBXVariantGroup section */

/* Begin XCBuildConfiguration section */
		C056398008A954F8003078D8 /* Debug */ = {
			isa = XCBuildConfiguration;
			buildSettings = {
				COPY_PHASE_STRIP = NO;
				DSTROOT = "/tmp/$(PROJECT_NAME).dst";
				DYLIB_COMPATIBILITY_VERSION = 1;
				DYLIB_CURRENT_VERSION = 1;
				FRAMEWORK_VERSION = A;
				GCC_DYNAMIC_NO_PIC = NO;
				GCC_ENABLE_FIX_AND_CONTINUE = YES;
				GCC_MODEL_TUNING = G4;
				GCC_OPTIMIZATION_LEVEL = 0;
				GCC_PRECOMPILE_PREFIX_HEADER = YES;
				GCC_PREFIX_HEADER = "$(SYSTEM_LIBRARY_DIR)/Frameworks/AppKit.framework/Headers/AppKit.h";
				INFOPLIST_FILE = "IconTrayFramework-Info.plist";
				INSTALL_PATH = "@executable_path/../Frameworks";
				PRODUCT_NAME = IconTray;
				SKIP_INSTALL = NO;
			};
			name = Debug;
		};
		C056398108A954F8003078D8 /* Release */ = {
			isa = XCBuildConfiguration;
			buildSettings = {
				DEBUG_INFORMATION_FORMAT = "dwarf-with-dsym";
				DSTROOT = "/tmp/$(PROJECT_NAME).dst";
				DYLIB_COMPATIBILITY_VERSION = 1;
				DYLIB_CURRENT_VERSION = 1;
				FRAMEWORK_VERSION = A;
				GCC_MODEL_TUNING = G4;
				GCC_PRECOMPILE_PREFIX_HEADER = YES;
				GCC_PREFIX_HEADER = "$(SYSTEM_LIBRARY_DIR)/Frameworks/AppKit.framework/Headers/AppKit.h";
				INFOPLIST_FILE = "IconTrayFramework-Info.plist";
				INSTALL_PATH = "@executable_path/../Frameworks";
				PRODUCT_NAME = IconTray;
				SKIP_INSTALL = NO;
			};
			name = Release;
		};
		C056398408A954F8003078D8 /* Debug */ = {
			isa = XCBuildConfiguration;
			buildSettings = {
				CONFIGURATION_BUILD_DIR = "$(BUILD_DIR)/$(CONFIGURATION)/IconTray.framework/Resources/";
				COPY_PHASE_STRIP = NO;
				FRAMEWORK_SEARCH_PATHS = (
					"$(FRAMEWORK_SEARCH_PATHS_QUOTED_FOR_TARGET_1)",
					$inherited,
					$FRAMEWORK_SEARCH_PATHS_QUOTED_2,
					$FRAMEWORK_SEARCH_PATHS_QUOTED_1,
				);
				FRAMEWORK_SEARCH_PATHS_QUOTED_1 = "\"$(HOME)/Library/Frameworks/\"";
				FRAMEWORK_SEARCH_PATHS_QUOTED_2 = "\"$(DEVELOPER_DIR)/Library/Frameworks\"";
				FRAMEWORK_SEARCH_PATHS_QUOTED_FOR_TARGET_1 = "\"$(BUILD_DIR)/$(CONFIGURATION)\"";
				GCC_DYNAMIC_NO_PIC = NO;
				GCC_ENABLE_FIX_AND_CONTINUE = YES;
				GCC_MODEL_TUNING = G4;
				GCC_OPTIMIZATION_LEVEL = 0;
				GCC_PRECOMPILE_PREFIX_HEADER = YES;
				GCC_PREFIX_HEADER = IconTrayIBPlugin_Prefix.pch;
				INFOPLIST_FILE = Info.plist;
				PRODUCT_NAME = IconTrayIBPlugin;
				SDKROOT = macosx10.5;
				WRAPPER_EXTENSION = ibplugin;
				ZERO_LINK = NO;
			};
			name = Debug;
		};
		C056398508A954F8003078D8 /* Release */ = {
			isa = XCBuildConfiguration;
			buildSettings = {
				CONFIGURATION_BUILD_DIR = "$(BUILD_DIR)/$(CONFIGURATION)/IconTray.framework/Resources/";
				CONFIGURATION_TEMP_DIR = "$(PROJECT_TEMP_DIR)$(CONFIGURATION)";
				COPY_PHASE_STRIP = NO;
				DEBUG_INFORMATION_FORMAT = "dwarf-with-dsym";
				FRAMEWORK_SEARCH_PATHS = (
					"$(FRAMEWORK_SEARCH_PATHS_QUOTED_FOR_TARGET_1)",
					$inherited,
					$FRAMEWORK_SEARCH_PATHS_QUOTED_2,
					$FRAMEWORK_SEARCH_PATHS_QUOTED_1,
				);
				FRAMEWORK_SEARCH_PATHS_QUOTED_1 = "\"$(HOME)/Library/Frameworks/\"";
				FRAMEWORK_SEARCH_PATHS_QUOTED_2 = "\"$(DEVELOPER_DIR)/Library/Frameworks\"";
				FRAMEWORK_SEARCH_PATHS_QUOTED_FOR_TARGET_1 = "\"$(BUILD_DIR)/$(CONFIGURATION)\"";
				GCC_MODEL_TUNING = G4;
				GCC_PRECOMPILE_PREFIX_HEADER = YES;
				GCC_PREFIX_HEADER = IconTrayIBPlugin_Prefix.pch;
				INFOPLIST_FILE = Info.plist;
				PRODUCT_NAME = IconTrayIBPlugin;
				SDKROOT = macosx10.5;
				WRAPPER_EXTENSION = ibplugin;
				ZERO_LINK = NO;
			};
			name = Release;
		};
		C056398808A954F8003078D8 /* Debug */ = {
			isa = XCBuildConfiguration;
			buildSettings = {
				COPY_PHASE_STRIP = NO;
				GCC_DYNAMIC_NO_PIC = NO;
				GCC_ENABLE_FIX_AND_CONTINUE = YES;
				GCC_MODEL_TUNING = G5;
				GCC_OPTIMIZATION_LEVEL = 0;
				PRODUCT_NAME = All;
				WARNING_CFLAGS = (
					"-Wmost",
					"-Wno-four-char-constants",
					"-Wno-unknown-pragmas",
				);
				ZERO_LINK = YES;
			};
			name = Debug;
		};
		C056398908A954F8003078D8 /* Release */ = {
			isa = XCBuildConfiguration;
			buildSettings = {
				DEBUG_INFORMATION_FORMAT = "dwarf-with-dsym";
				GCC_MODEL_TUNING = G5;
				PRODUCT_NAME = All;
				WARNING_CFLAGS = (
					"-Wmost",
					"-Wno-four-char-constants",
					"-Wno-unknown-pragmas",
				);
			};
			name = Release;
		};
		C056398C08A954F8003078D8 /* Debug */ = {
			isa = XCBuildConfiguration;
			buildSettings = {
				GCC_VERSION = com.apple.compilers.llvm.clang.1_0;
				GCC_WARN_ABOUT_RETURN_TYPE = YES;
				GCC_WARN_UNUSED_VARIABLE = YES;
				PREBINDING = NO;
				SDKROOT = macosx10.6;
			};
			name = Debug;
		};
		C056398D08A954F8003078D8 /* Release */ = {
			isa = XCBuildConfiguration;
			buildSettings = {
				ARCHS = "$(ARCHS_STANDARD_32_64_BIT)";
				GCC_VERSION = com.apple.compilers.llvm.clang.1_0;
				GCC_WARN_ABOUT_RETURN_TYPE = YES;
				GCC_WARN_UNUSED_VARIABLE = YES;
				PREBINDING = NO;
				SDKROOT = macosx10.6;
			};
			name = Release;
		};
		F4A81730156D082500FCC771 /* Debug */ = {
			isa = XCBuildConfiguration;
			buildSettings = {
				ALWAYS_SEARCH_USER_PATHS = NO;
				COPY_PHASE_STRIP = NO;
				GCC_DYNAMIC_NO_PIC = NO;
				GCC_ENABLE_FIX_AND_CONTINUE = YES;
				GCC_MODEL_TUNING = G5;
				GCC_OPTIMIZATION_LEVEL = 0;
				GCC_PRECOMPILE_PREFIX_HEADER = YES;
				GCC_PREFIX_HEADER = "$(SYSTEM_LIBRARY_DIR)/Frameworks/AppKit.framework/Headers/AppKit.h";
				INFOPLIST_FILE = "UITest-Info.plist";
				INSTALL_PATH = "$(HOME)/Applications";
				OTHER_LDFLAGS = (
					"-framework",
					Foundation,
					"-framework",
					AppKit,
				);
				PREBINDING = NO;
				PRODUCT_NAME = UITest;
			};
			name = Debug;
		};
		F4A81731156D082500FCC771 /* Release */ = {
			isa = XCBuildConfiguration;
			buildSettings = {
				ALWAYS_SEARCH_USER_PATHS = NO;
				COPY_PHASE_STRIP = NO;
				DEBUG_INFORMATION_FORMAT = "dwarf-with-dsym";
				GCC_ENABLE_FIX_AND_CONTINUE = NO;
				GCC_MODEL_TUNING = G5;
				GCC_PRECOMPILE_PREFIX_HEADER = YES;
				GCC_PREFIX_HEADER = "$(SYSTEM_LIBRARY_DIR)/Frameworks/AppKit.framework/Headers/AppKit.h";
				INFOPLIST_FILE = "UITest-Info.plist";
				INSTALL_PATH = "$(HOME)/Applications";
				OTHER_LDFLAGS = (
					"-framework",
					Foundation,
					"-framework",
					AppKit,
				);
				PREBINDING = NO;
				PRODUCT_NAME = UITest;
				ZERO_LINK = NO;
			};
			name = Release;
		};
/* End XCBuildConfiguration section */

/* Begin XCConfigurationList section */
		C056397F08A954F8003078D8 /* Build configuration list for PBXNativeTarget "IconTrayFramework" */ = {
			isa = XCConfigurationList;
			buildConfigurations = (
				C056398008A954F8003078D8 /* Debug */,
				C056398108A954F8003078D8 /* Release */,
			);
			defaultConfigurationIsVisible = 0;
			defaultConfigurationName = Release;
		};
		C056398308A954F8003078D8 /* Build configuration list for PBXNativeTarget "IconTray" */ = {
			isa = XCConfigurationList;
			buildConfigurations = (
				C056398408A954F8003078D8 /* Debug */,
				C056398508A954F8003078D8 /* Release */,
			);
			defaultConfigurationIsVisible = 0;
			defaultConfigurationName = Release;
		};
		C056398708A954F8003078D8 /* Build configuration list for PBXAggregateTarget "All" */ = {
			isa = XCConfigurationList;
			buildConfigurations = (
				C056398808A954F8003078D8 /* Debug */,
				C056398908A954F8003078D8 /* Release */,
			);
			defaultConfigurationIsVisible = 0;
			defaultConfigurationName = Release;
		};
		C056398B08A954F8003078D8 /* Build configuration list for PBXProject "IconTray3" */ = {
			isa = XCConfigurationList;
			buildConfigurations = (
				C056398C08A954F8003078D8 /* Debug */,
				C056398D08A954F8003078D8 /* Release */,
			);
			defaultConfigurationIsVisible = 0;
			defaultConfigurationName = Release;
		};
		F4A81732156D082600FCC771 /* Build configuration list for PBXNativeTarget "UITest" */ = {
			isa = XCConfigurationList;
			buildConfigurations = (
				F4A81730156D082500FCC771 /* Debug */,
				F4A81731156D082500FCC771 /* Release */,
			);
			defaultConfigurationIsVisible = 0;
			defaultConfigurationName = Release;
		};
/* End XCConfigurationList section */
	};
	rootObject = 0259C573FE90428111CA0C5A /* Project object */;
}
