// !$*UTF8*$!
{
	archiveVersion = 1;
	classes = {
	};
	objectVersion = 44;
	objects = {

/* Begin PBXAggregateTarget section */
		F414890415765FC80041118B /* EnglishUICheck */ = {
			isa = PBXAggregateTarget;
			buildConfigurationList = F414890815765FC90041118B /* Build configuration list for PBXAggregateTarget "EnglishUICheck" */;
			buildPhases = (
			);
			dependencies = (
				F414890A15765FD00041118B /* PBXTargetDependency */,
			);
			name = EnglishUICheck;
			productName = EnglishUICheck;
		};
/* End PBXAggregateTarget section */

/* Begin PBXBuildFile section */
		8D15AC310486D014006FF6A4 /* IconSetDocument.m in Sources */ = {isa = PBXBuildFile; fileRef = 2A37F4ACFDCFA73011CA2CEA /* IconSetDocument.m */; settings = {ATTRIBUTES = (); }; };
		8D15AC320486D014006FF6A4 /* main.m in Sources */ = {isa = PBXBuildFile; fileRef = 2A37F4B0FDCFA73011CA2CEA /* main.m */; settings = {ATTRIBUTES = (); }; };
		8D15AC340486D014006FF6A4 /* Cocoa.framework in Frameworks */ = {isa = PBXBuildFile; fileRef = 1058C7A7FEA54F5311CA2CBB /* Cocoa.framework */; };
		F41CD7AE090FDF3C00D66C88 /* Credits.rtf in Resources */ = {isa = PBXBuildFile; fileRef = F4F4B5FC08818D4400E44313 /* Credits.rtf */; };
		F42A855A0F8A580A0014157F /* DeprecatedImageList.plist in Resources */ = {isa = PBXBuildFile; fileRef = F42A85590F8A580A0014157F /* DeprecatedImageList.plist */; };
		F42C27480987B78A0032C9F9 /* NSAppleEventDescriptor-Extensions.m in Sources */ = {isa = PBXBuildFile; fileRef = F42C27460987B78A0032C9F9 /* NSAppleEventDescriptor-Extensions.m */; };
		F42C27670987B9350032C9F9 /* NSWorkspace-Extensions.m in Sources */ = {isa = PBXBuildFile; fileRef = F42C27650987B9350032C9F9 /* NSWorkspace-Extensions.m */; };
		F42C52B80BA3AFEB00D2866B /* BSCSIcons.m in Sources */ = {isa = PBXBuildFile; fileRef = F42C52B60BA3AFEB00D2866B /* BSCSIcons.m */; };
		F42C57EA0BA5961800D2866B /* BSCSUserDefaults.m in Sources */ = {isa = PBXBuildFile; fileRef = F42C57E80BA5961800D2866B /* BSCSUserDefaults.m */; };
		F42C582A0BA6C11600D2866B /* SenTestingKit.framework in Frameworks */ = {isa = PBXBuildFile; fileRef = F42C58150BA6C11600D2866B /* SenTestingKit.framework */; };
		F42C582F0BA6C14A00D2866B /* BSCSUserDefaultsTest.m in Sources */ = {isa = PBXBuildFile; fileRef = F42C582E0BA6C14A00D2866B /* BSCSUserDefaultsTest.m */; };
		F42C58300BA6C20100D2866B /* BSCSUserDefaults.m in Sources */ = {isa = PBXBuildFile; fileRef = F42C57E80BA5961800D2866B /* BSCSUserDefaults.m */; };
		F435F24C09238065004965EB /* IconTray-Dragging.m in Sources */ = {isa = PBXBuildFile; fileRef = F435F24B09238065004965EB /* IconTray-Dragging.m */; };
		F442011F08EFDF8A007AFE9F /* BathyScapheSystemImages.plist in Resources */ = {isa = PBXBuildFile; fileRef = F442011E08EFDF8A007AFE9F /* BathyScapheSystemImages.plist */; };
		F45B21840919919C0055CBC4 /* IconNames.strings in Resources */ = {isa = PBXBuildFile; fileRef = F45B21830919919C0055CBC4 /* IconNames.strings */; };
		F461E46408ADCDB400384957 /* MainMenu.nib in Resources */ = {isa = PBXBuildFile; fileRef = F461E46308ADCDB400384957 /* MainMenu.nib */; };
		F461E46708ADCDCA00384957 /* IconSetDocument.nib in Resources */ = {isa = PBXBuildFile; fileRef = F461E46608ADCDCA00384957 /* IconSetDocument.nib */; };
		F4626F2E08ADD94A00B71ADA /* InfoPlist.strings in Resources */ = {isa = PBXBuildFile; fileRef = F4626F2D08ADD94A00B71ADA /* InfoPlist.strings */; };
		F464CDA408CD9F25008B434A /* BSIconSetComposer.sdef in Resources */ = {isa = PBXBuildFile; fileRef = F4D3EF7408CAC033009741BF /* BSIconSetComposer.sdef */; };
		F471950108E302AE00710258 /* Localizable.strings in Resources */ = {isa = PBXBuildFile; fileRef = F471950008E302AE00710258 /* Localizable.strings */; };
		F47A1F050F8D00F6002DE937 /* IconTray.framework in Frameworks */ = {isa = PBXBuildFile; fileRef = F47A1F040F8D00F6002DE937 /* IconTray.framework */; };
		F47A1F130F8D0250002DE937 /* IconTray.framework in CopyFiles */ = {isa = PBXBuildFile; fileRef = F47A1F040F8D00F6002DE937 /* IconTray.framework */; };
		F4D3EF7208CABC52009741BF /* BSIconSetComposerSuite.scriptSuite in Resources */ = {isa = PBXBuildFile; fileRef = F4D3EF6F08CABC52009741BF /* BSIconSetComposerSuite.scriptSuite */; };
		F4D3EF7308CABC52009741BF /* BSIconSetComposerSuite.scriptTerminology in Resources */ = {isa = PBXBuildFile; fileRef = F4D3EF7008CABC52009741BF /* BSIconSetComposerSuite.scriptTerminology */; };
		F4E4477008AFABF200375AF1 /* TemporaryFolder.m in Sources */ = {isa = PBXBuildFile; fileRef = F4E4476F08AFABF200375AF1 /* TemporaryFolder.m */; };
		F4F4AECF0880D28100E44313 /* IconSetComposer.m in Sources */ = {isa = PBXBuildFile; fileRef = F4F4AECE0880D28100E44313 /* IconSetComposer.m */; };
		F4F4B2C608814EFF00E44313 /* ImageList.plist in Resources */ = {isa = PBXBuildFile; fileRef = F4F4B2C508814EFF00E44313 /* ImageList.plist */; };
		F4FDBDF81572231100036EBB /* DropToMe.png in Resources */ = {isa = PBXBuildFile; fileRef = F4FDBDF71572231100036EBB /* DropToMe.png */; };
		F4FDBDFF15722E3500036EBB /* BSCSLastUpdatePreview.m in Sources */ = {isa = PBXBuildFile; fileRef = F4FDBDFE15722E3500036EBB /* BSCSLastUpdatePreview.m */; };
		F4FF6E7908C74AEF00C0214D /* ColorSet.m in Sources */ = {isa = PBXBuildFile; fileRef = F4FF6E7808C74AEF00C0214D /* ColorSet.m */; };
/* End PBXBuildFile section */

/* Begin PBXContainerItemProxy section */
		F414890915765FD00041118B /* PBXContainerItemProxy */ = {
			isa = PBXContainerItemProxy;
			containerPortal = 2A37F4A9FDCFA73011CA2CEA /* Project object */;
			proxyType = 1;
			remoteGlobalIDString = 8D15AC270486D014006FF6A4;
			remoteInfo = IconSetComposer;
		};
/* End PBXContainerItemProxy section */

/* Begin PBXCopyFilesBuildPhase section */
		F47A1EF50F8CFF02002DE937 /* CopyFiles */ = {
			isa = PBXCopyFilesBuildPhase;
			buildActionMask = 2147483647;
			dstPath = "";
			dstSubfolderSpec = 10;
			files = (
				F47A1F130F8D0250002DE937 /* IconTray.framework in CopyFiles */,
			);
			runOnlyForDeploymentPostprocessing = 0;
		};
/* End PBXCopyFilesBuildPhase section */

/* Begin PBXFileReference section */
		089C1660FE840EACC02AAC07 /* English */ = {isa = PBXFileReference; fileEncoding = 4; lastKnownFileType = text.xml; name = English; path = English.lproj/InfoPlist.strings; sourceTree = "<group>"; };
		1058C7A7FEA54F5311CA2CBB /* Cocoa.framework */ = {isa = PBXFileReference; lastKnownFileType = wrapper.framework; name = Cocoa.framework; path = /System/Library/Frameworks/Cocoa.framework; sourceTree = "<absolute>"; };
		13E42FBA07B3F13500E4EEF1 /* CoreData.framework */ = {isa = PBXFileReference; lastKnownFileType = wrapper.framework; name = CoreData.framework; path = /System/Library/Frameworks/CoreData.framework; sourceTree = "<absolute>"; };
		2A37F4ACFDCFA73011CA2CEA /* IconSetDocument.m */ = {isa = PBXFileReference; fileEncoding = 4; lastKnownFileType = sourcecode.c.objc; path = IconSetDocument.m; sourceTree = "<group>"; };
		2A37F4AEFDCFA73011CA2CEA /* IconSetDocument.h */ = {isa = PBXFileReference; fileEncoding = 4; lastKnownFileType = sourcecode.c.h; path = IconSetDocument.h; sourceTree = "<group>"; };
		2A37F4B0FDCFA73011CA2CEA /* main.m */ = {isa = PBXFileReference; fileEncoding = 4; lastKnownFileType = sourcecode.c.objc; path = main.m; sourceTree = "<group>"; };
		2A37F4B5FDCFA73011CA2CEA /* English */ = {isa = PBXFileReference; lastKnownFileType = wrapper.nib; name = English; path = English.lproj/IconSetDocument.nib; sourceTree = "<group>"; };
		2A37F4B7FDCFA73011CA2CEA /* English */ = {isa = PBXFileReference; lastKnownFileType = wrapper.nib; name = English; path = English.lproj/MainMenu.nib; sourceTree = "<group>"; };
		2A37F4C4FDCFA73011CA2CEA /* AppKit.framework */ = {isa = PBXFileReference; lastKnownFileType = wrapper.framework; name = AppKit.framework; path = /System/Library/Frameworks/AppKit.framework; sourceTree = "<absolute>"; };
		2A37F4C5FDCFA73011CA2CEA /* Foundation.framework */ = {isa = PBXFileReference; lastKnownFileType = wrapper.framework; name = Foundation.framework; path = /System/Library/Frameworks/Foundation.framework; sourceTree = "<absolute>"; };
		32DBCF750370BD2300C91783 /* IconSetComposer_Prefix.pch */ = {isa = PBXFileReference; fileEncoding = 4; lastKnownFileType = sourcecode.c.h; path = IconSetComposer_Prefix.pch; sourceTree = "<group>"; };
		8D15AC360486D014006FF6A4 /* Info.plist */ = {isa = PBXFileReference; fileEncoding = 4; lastKnownFileType = text.plist; path = Info.plist; sourceTree = "<group>"; };
		8D15AC370486D014006FF6A4 /* BSIconSetComposer.app */ = {isa = PBXFileReference; explicitFileType = wrapper.application; includeInIndex = 0; path = BSIconSetComposer.app; sourceTree = BUILT_PRODUCTS_DIR; };
		F42A85590F8A580A0014157F /* DeprecatedImageList.plist */ = {isa = PBXFileReference; fileEncoding = 4; lastKnownFileType = text.plist.xml; path = DeprecatedImageList.plist; sourceTree = "<group>"; };
		F42C27450987B78A0032C9F9 /* NSAppleEventDescriptor-Extensions.h */ = {isa = PBXFileReference; fileEncoding = 4; lastKnownFileType = sourcecode.c.h; path = "NSAppleEventDescriptor-Extensions.h"; sourceTree = "<group>"; };
		F42C27460987B78A0032C9F9 /* NSAppleEventDescriptor-Extensions.m */ = {isa = PBXFileReference; fileEncoding = 4; lastKnownFileType = sourcecode.c.objc; path = "NSAppleEventDescriptor-Extensions.m"; sourceTree = "<group>"; };
		F42C274F0987B7FB0032C9F9 /* CocoaEextensions.h */ = {isa = PBXFileReference; fileEncoding = 4; lastKnownFileType = sourcecode.c.h; path = CocoaEextensions.h; sourceTree = "<group>"; };
		F42C27640987B9350032C9F9 /* NSWorkspace-Extensions.h */ = {isa = PBXFileReference; fileEncoding = 4; lastKnownFileType = sourcecode.c.h; path = "NSWorkspace-Extensions.h"; sourceTree = "<group>"; };
		F42C27650987B9350032C9F9 /* NSWorkspace-Extensions.m */ = {isa = PBXFileReference; fileEncoding = 4; lastKnownFileType = sourcecode.c.objc; path = "NSWorkspace-Extensions.m"; sourceTree = "<group>"; };
		F42C52B50BA3AFEB00D2866B /* BSCSIcons.h */ = {isa = PBXFileReference; fileEncoding = 4; lastKnownFileType = sourcecode.c.h; path = BSCSIcons.h; sourceTree = "<group>"; };
		F42C52B60BA3AFEB00D2866B /* BSCSIcons.m */ = {isa = PBXFileReference; fileEncoding = 4; lastKnownFileType = sourcecode.c.objc; path = BSCSIcons.m; sourceTree = "<group>"; };
		F42C57E70BA5961800D2866B /* BSCSUserDefaults.h */ = {isa = PBXFileReference; fileEncoding = 4; lastKnownFileType = sourcecode.c.h; path = BSCSUserDefaults.h; sourceTree = "<group>"; };
		F42C57E80BA5961800D2866B /* BSCSUserDefaults.m */ = {isa = PBXFileReference; fileEncoding = 4; lastKnownFileType = sourcecode.c.objc; path = BSCSUserDefaults.m; sourceTree = "<group>"; };
		F42C580F0BA6C07000D2866B /* UnitTest.octest */ = {isa = PBXFileReference; explicitFileType = wrapper.cfbundle; includeInIndex = 0; path = UnitTest.octest; sourceTree = BUILT_PRODUCTS_DIR; };
		F42C58100BA6C07000D2866B /* UnitTest-Info.plist */ = {isa = PBXFileReference; lastKnownFileType = text.plist.xml; path = "UnitTest-Info.plist"; sourceTree = "<group>"; };
		F42C58150BA6C11600D2866B /* SenTestingKit.framework */ = {isa = PBXFileReference; lastKnownFileType = wrapper.framework; name = SenTestingKit.framework; path = Library/Frameworks/SenTestingKit.framework; sourceTree = DEVELOPER_DIR; };
		F42C582D0BA6C14A00D2866B /* BSCSUserDefaultsTest.h */ = {isa = PBXFileReference; fileEncoding = 4; lastKnownFileType = sourcecode.c.h; path = BSCSUserDefaultsTest.h; sourceTree = "<group>"; };
		F42C582E0BA6C14A00D2866B /* BSCSUserDefaultsTest.m */ = {isa = PBXFileReference; fileEncoding = 4; lastKnownFileType = sourcecode.c.objc; path = BSCSUserDefaultsTest.m; sourceTree = "<group>"; };
		F435F24B09238065004965EB /* IconTray-Dragging.m */ = {isa = PBXFileReference; fileEncoding = 4; lastKnownFileType = sourcecode.c.objc; path = "IconTray-Dragging.m"; sourceTree = "<group>"; };
		F442011E08EFDF8A007AFE9F /* BathyScapheSystemImages.plist */ = {isa = PBXFileReference; fileEncoding = 4; lastKnownFileType = text.plist.xml; path = BathyScapheSystemImages.plist; sourceTree = "<group>"; };
		F44203E408F04A8A007AFE9F /* Japanese */ = {isa = PBXFileReference; fileEncoding = 4; lastKnownFileType = text; name = Japanese; path = Japanese.lproj/Localizable.strings.sed; sourceTree = "<group>"; };
		F44203FC08F04DAB007AFE9F /* English */ = {isa = PBXFileReference; lastKnownFileType = text; name = English; path = English.lproj/Localizable.strings.sed; sourceTree = "<group>"; };
		F45B217F091991230055CBC4 /* English */ = {isa = PBXFileReference; explicitFileType = text.plist.strings; fileEncoding = 10; name = English; path = English.lproj/IconNames.strings; sourceTree = "<group>"; };
		F45B2185091991B30055CBC4 /* Japanese */ = {isa = PBXFileReference; explicitFileType = text.plist.strings; fileEncoding = 10; name = Japanese; path = Japanese.lproj/IconNames.strings; sourceTree = "<group>"; };
		F461E46508ADCDBD00384957 /* Japanese */ = {isa = PBXFileReference; lastKnownFileType = wrapper.nib; name = Japanese; path = Japanese.lproj/MainMenu.nib; sourceTree = "<group>"; };
		F461E46808ADCDD600384957 /* Japanese */ = {isa = PBXFileReference; lastKnownFileType = wrapper.nib; name = Japanese; path = Japanese.lproj/IconSetDocument.nib; sourceTree = "<group>"; };
		F4626F2F08ADD95100B71ADA /* Japanese */ = {isa = PBXFileReference; lastKnownFileType = text.xml; name = Japanese; path = Japanese.lproj/InfoPlist.strings; sourceTree = "<group>"; };
		F47194FE08E302A600710258 /* English */ = {isa = PBXFileReference; fileEncoding = 10; lastKnownFileType = text.plist.strings; name = English; path = English.lproj/Localizable.strings; sourceTree = "<group>"; };
		F471950208E302BC00710258 /* Japanese */ = {isa = PBXFileReference; fileEncoding = 10; lastKnownFileType = text.plist.strings; name = Japanese; path = Japanese.lproj/Localizable.strings; sourceTree = "<group>"; };
		F47A1F040F8D00F6002DE937 /* IconTray.framework */ = {isa = PBXFileReference; lastKnownFileType = wrapper.framework; name = IconTray.framework; path = IconTray3/build/Release/IconTray.framework; sourceTree = "<group>"; };
		F4D3EF6F08CABC52009741BF /* BSIconSetComposerSuite.scriptSuite */ = {isa = PBXFileReference; fileEncoding = 4; lastKnownFileType = text.xml; path = BSIconSetComposerSuite.scriptSuite; sourceTree = "<group>"; };
		F4D3EF7008CABC52009741BF /* BSIconSetComposerSuite.scriptTerminology */ = {isa = PBXFileReference; fileEncoding = 4; lastKnownFileType = text.xml; path = BSIconSetComposerSuite.scriptTerminology; sourceTree = "<group>"; };
		F4D3EF7408CAC033009741BF /* BSIconSetComposer.sdef */ = {isa = PBXFileReference; fileEncoding = 4; lastKnownFileType = text.sdef; path = BSIconSetComposer.sdef; sourceTree = "<group>"; };
		F4E4476E08AFABF200375AF1 /* TemporaryFolder.h */ = {isa = PBXFileReference; fileEncoding = 4; lastKnownFileType = sourcecode.c.h; path = TemporaryFolder.h; sourceTree = "<group>"; };
		F4E4476F08AFABF200375AF1 /* TemporaryFolder.m */ = {isa = PBXFileReference; fileEncoding = 4; lastKnownFileType = sourcecode.c.objc; path = TemporaryFolder.m; sourceTree = "<group>"; };
		F4F4AECD0880D28100E44313 /* IconSetComposer.h */ = {isa = PBXFileReference; fileEncoding = 4; lastKnownFileType = sourcecode.c.h; path = IconSetComposer.h; sourceTree = "<group>"; };
		F4F4AECE0880D28100E44313 /* IconSetComposer.m */ = {isa = PBXFileReference; fileEncoding = 4; lastKnownFileType = sourcecode.c.objc; path = IconSetComposer.m; sourceTree = "<group>"; };
		F4F4B2C508814EFF00E44313 /* ImageList.plist */ = {isa = PBXFileReference; fileEncoding = 4; lastKnownFileType = text.plist.xml; path = ImageList.plist; sourceTree = "<group>"; };
		F4F4B5FC08818D4400E44313 /* Credits.rtf */ = {isa = PBXFileReference; lastKnownFileType = text.rtf; path = Credits.rtf; sourceTree = "<group>"; };
		F4FDBDF71572231100036EBB /* DropToMe.png */ = {isa = PBXFileReference; lastKnownFileType = image.png; path = DropToMe.png; sourceTree = "<group>"; };
		F4FDBDFD15722E3400036EBB /* BSCSLastUpdatePreview.h */ = {isa = PBXFileReference; fileEncoding = 4; lastKnownFileType = sourcecode.c.h; path = BSCSLastUpdatePreview.h; sourceTree = "<group>"; };
		F4FDBDFE15722E3500036EBB /* BSCSLastUpdatePreview.m */ = {isa = PBXFileReference; fileEncoding = 4; lastKnownFileType = sourcecode.c.objc; path = BSCSLastUpdatePreview.m; sourceTree = "<group>"; };
		F4FF6E7708C74AEF00C0214D /* ColorSet.h */ = {isa = PBXFileReference; fileEncoding = 4; lastKnownFileType = sourcecode.c.h; path = ColorSet.h; sourceTree = "<group>"; };
		F4FF6E7808C74AEF00C0214D /* ColorSet.m */ = {isa = PBXFileReference; fileEncoding = 4; lastKnownFileType = sourcecode.c.objc; path = ColorSet.m; sourceTree = "<group>"; };
/* End PBXFileReference section */

/* Begin PBXFrameworksBuildPhase section */
		8D15AC330486D014006FF6A4 /* Frameworks */ = {
			isa = PBXFrameworksBuildPhase;
			buildActionMask = 2147483647;
			files = (
				8D15AC340486D014006FF6A4 /* Cocoa.framework in Frameworks */,
				F47A1F050F8D00F6002DE937 /* IconTray.framework in Frameworks */,
			);
			runOnlyForDeploymentPostprocessing = 0;
		};
		F42C580C0BA6C07000D2866B /* Frameworks */ = {
			isa = PBXFrameworksBuildPhase;
			buildActionMask = 2147483647;
			files = (
				F42C582A0BA6C11600D2866B /* SenTestingKit.framework in Frameworks */,
			);
			runOnlyForDeploymentPostprocessing = 0;
		};
/* End PBXFrameworksBuildPhase section */

/* Begin PBXGroup section */
		1058C7A6FEA54F5311CA2CBB /* Linked Frameworks */ = {
			isa = PBXGroup;
			children = (
				1058C7A7FEA54F5311CA2CBB /* Cocoa.framework */,
			);
			name = "Linked Frameworks";
			sourceTree = "<group>";
		};
		1058C7A8FEA54F5311CA2CBB /* Other Frameworks */ = {
			isa = PBXGroup;
			children = (
				2A37F4C4FDCFA73011CA2CEA /* AppKit.framework */,
				13E42FBA07B3F13500E4EEF1 /* CoreData.framework */,
				2A37F4C5FDCFA73011CA2CEA /* Foundation.framework */,
			);
			name = "Other Frameworks";
			sourceTree = "<group>";
		};
		19C28FB0FE9D524F11CA2CBB /* Products */ = {
			isa = PBXGroup;
			children = (
				8D15AC370486D014006FF6A4 /* BSIconSetComposer.app */,
				F42C580F0BA6C07000D2866B /* UnitTest.octest */,
			);
			name = Products;
			sourceTree = "<group>";
		};
		2A37F4AAFDCFA73011CA2CEA /* IconSetComposer */ = {
			isa = PBXGroup;
			children = (
				F44203E208F04A66007AFE9F /* Localize */,
				F4558BE80889438100557B17 /* Test */,
				2A37F4ABFDCFA73011CA2CEA /* Classes */,
				2A37F4AFFDCFA73011CA2CEA /* Other Sources */,
				2A37F4B8FDCFA73011CA2CEA /* Resources */,
				2A37F4C3FDCFA73011CA2CEA /* Frameworks */,
				19C28FB0FE9D524F11CA2CBB /* Products */,
			);
			name = IconSetComposer;
			sourceTree = "<group>";
		};
		2A37F4ABFDCFA73011CA2CEA /* Classes */ = {
			isa = PBXGroup;
			children = (
				F42C27420987B7570032C9F9 /* Extensions */,
				F4F4AECD0880D28100E44313 /* IconSetComposer.h */,
				F4F4AECE0880D28100E44313 /* IconSetComposer.m */,
				F435F24B09238065004965EB /* IconTray-Dragging.m */,
				F4E4476E08AFABF200375AF1 /* TemporaryFolder.h */,
				F4E4476F08AFABF200375AF1 /* TemporaryFolder.m */,
				2A37F4AEFDCFA73011CA2CEA /* IconSetDocument.h */,
				2A37F4ACFDCFA73011CA2CEA /* IconSetDocument.m */,
				F42C52B50BA3AFEB00D2866B /* BSCSIcons.h */,
				F42C52B60BA3AFEB00D2866B /* BSCSIcons.m */,
				F4FF6E7708C74AEF00C0214D /* ColorSet.h */,
				F4FF6E7808C74AEF00C0214D /* ColorSet.m */,
				F42C57E70BA5961800D2866B /* BSCSUserDefaults.h */,
				F42C57E80BA5961800D2866B /* BSCSUserDefaults.m */,
				F4FDBDFD15722E3400036EBB /* BSCSLastUpdatePreview.h */,
				F4FDBDFE15722E3500036EBB /* BSCSLastUpdatePreview.m */,
			);
			name = Classes;
			sourceTree = "<group>";
		};
		2A37F4AFFDCFA73011CA2CEA /* Other Sources */ = {
			isa = PBXGroup;
			children = (
				32DBCF750370BD2300C91783 /* IconSetComposer_Prefix.pch */,
				2A37F4B0FDCFA73011CA2CEA /* main.m */,
			);
			name = "Other Sources";
			sourceTree = "<group>";
		};
		2A37F4B8FDCFA73011CA2CEA /* Resources */ = {
			isa = PBXGroup;
			children = (
				F4FDBDF71572231100036EBB /* DropToMe.png */,
				F45B21830919919C0055CBC4 /* IconNames.strings */,
				F442011E08EFDF8A007AFE9F /* BathyScapheSystemImages.plist */,
				F471950008E302AE00710258 /* Localizable.strings */,
				F4D3EF7408CAC033009741BF /* BSIconSetComposer.sdef */,
				F4D3EF6F08CABC52009741BF /* BSIconSetComposerSuite.scriptSuite */,
				F4D3EF7008CABC52009741BF /* BSIconSetComposerSuite.scriptTerminology */,
				F4F4B5FC08818D4400E44313 /* Credits.rtf */,
				F4F4B2C508814EFF00E44313 /* ImageList.plist */,
				F42A85590F8A580A0014157F /* DeprecatedImageList.plist */,
				F461E46308ADCDB400384957 /* MainMenu.nib */,
				F461E46608ADCDCA00384957 /* IconSetDocument.nib */,
				8D15AC360486D014006FF6A4 /* Info.plist */,
				F4626F2D08ADD94A00B71ADA /* InfoPlist.strings */,
			);
			name = Resources;
			sourceTree = "<group>";
		};
		2A37F4C3FDCFA73011CA2CEA /* Frameworks */ = {
			isa = PBXGroup;
			children = (
				F47A1F040F8D00F6002DE937 /* IconTray.framework */,
				F42C58150BA6C11600D2866B /* SenTestingKit.framework */,
				1058C7A6FEA54F5311CA2CBB /* Linked Frameworks */,
				1058C7A8FEA54F5311CA2CBB /* Other Frameworks */,
			);
			name = Frameworks;
			sourceTree = "<group>";
		};
		F42C27420987B7570032C9F9 /* Extensions */ = {
			isa = PBXGroup;
			children = (
				F42C274F0987B7FB0032C9F9 /* CocoaEextensions.h */,
				F42C27640987B9350032C9F9 /* NSWorkspace-Extensions.h */,
				F42C27650987B9350032C9F9 /* NSWorkspace-Extensions.m */,
				F42C27450987B78A0032C9F9 /* NSAppleEventDescriptor-Extensions.h */,
				F42C27460987B78A0032C9F9 /* NSAppleEventDescriptor-Extensions.m */,
			);
			name = Extensions;
			sourceTree = "<group>";
		};
		F44203E208F04A66007AFE9F /* Localize */ = {
			isa = PBXGroup;
			children = (
				F44203E308F04A89007AFE9F /* Localizable.strings.sed */,
			);
			name = Localize;
			sourceTree = "<group>";
		};
		F4558BE80889438100557B17 /* Test */ = {
			isa = PBXGroup;
			children = (
				F42C58100BA6C07000D2866B /* UnitTest-Info.plist */,
				F42C582D0BA6C14A00D2866B /* BSCSUserDefaultsTest.h */,
				F42C582E0BA6C14A00D2866B /* BSCSUserDefaultsTest.m */,
			);
			name = Test;
			sourceTree = "<group>";
		};
/* End PBXGroup section */

/* Begin PBXNativeTarget section */
		8D15AC270486D014006FF6A4 /* IconSetComposer */ = {
			isa = PBXNativeTarget;
			buildConfigurationList = F4F4AE960880C61600E44313 /* Build configuration list for PBXNativeTarget "IconSetComposer" */;
			buildPhases = (
				F47A1EF50F8CFF02002DE937 /* CopyFiles */,
				8D15AC300486D014006FF6A4 /* Sources */,
				8D15AC330486D014006FF6A4 /* Frameworks */,
				F406E99E08CDC35C007CB106 /* Create sdef */,
				F442040108F05189007AFE9F /* Make Localized Files */,
				8D15AC2B0486D014006FF6A4 /* Resources */,
			);
			buildRules = (
			);
			dependencies = (
			);
			name = IconSetComposer;
			productInstallPath = "$(HOME)/Applications";
			productName = IconSetComposer;
			productReference = 8D15AC370486D014006FF6A4 /* BSIconSetComposer.app */;
			productType = "com.apple.product-type.application";
		};
		F42C580E0BA6C07000D2866B /* UnitTest */ = {
			isa = PBXNativeTarget;
			buildConfigurationList = F42C58110BA6C07100D2866B /* Build configuration list for PBXNativeTarget "UnitTest" */;
			buildPhases = (
				F42C580A0BA6C07000D2866B /* Resources */,
				F42C580B0BA6C07000D2866B /* Sources */,
				F42C580C0BA6C07000D2866B /* Frameworks */,
				F42C580D0BA6C07000D2866B /* ShellScript */,
			);
			buildRules = (
			);
			dependencies = (
			);
			name = UnitTest;
			productName = UnitTest;
			productReference = F42C580F0BA6C07000D2866B /* UnitTest.octest */;
			productType = "com.apple.product-type.bundle";
		};
/* End PBXNativeTarget section */

/* Begin PBXProject section */
		2A37F4A9FDCFA73011CA2CEA /* Project object */ = {
			isa = PBXProject;
			buildConfigurationList = F4F4AE9A0880C61600E44313 /* Build configuration list for PBXProject "BSIconSetComposer" */;
			compatibilityVersion = "Xcode 3.0";
			developmentRegion = English;
			hasScannedForEncodings = 1;
			knownRegions = (
				English,
				Japanese,
				French,
				German,
			);
			mainGroup = 2A37F4AAFDCFA73011CA2CEA /* IconSetComposer */;
			projectDirPath = "";
			projectRoot = "";
			targets = (
				8D15AC270486D014006FF6A4 /* IconSetComposer */,
				F42C580E0BA6C07000D2866B /* UnitTest */,
				F414890415765FC80041118B /* EnglishUICheck */,
			);
		};
/* End PBXProject section */

/* Begin PBXResourcesBuildPhase section */
		8D15AC2B0486D014006FF6A4 /* Resources */ = {
			isa = PBXResourcesBuildPhase;
			buildActionMask = 2147483647;
			files = (
				F461E46408ADCDB400384957 /* MainMenu.nib in Resources */,
				F461E46708ADCDCA00384957 /* IconSetDocument.nib in Resources */,
				F4626F2E08ADD94A00B71ADA /* InfoPlist.strings in Resources */,
				F4F4B2C608814EFF00E44313 /* ImageList.plist in Resources */,
				F41CD7AE090FDF3C00D66C88 /* Credits.rtf in Resources */,
				F4D3EF7208CABC52009741BF /* BSIconSetComposerSuite.scriptSuite in Resources */,
				F4D3EF7308CABC52009741BF /* BSIconSetComposerSuite.scriptTerminology in Resources */,
				F464CDA408CD9F25008B434A /* BSIconSetComposer.sdef in Resources */,
				F471950108E302AE00710258 /* Localizable.strings in Resources */,
				F442011F08EFDF8A007AFE9F /* BathyScapheSystemImages.plist in Resources */,
				F45B21840919919C0055CBC4 /* IconNames.strings in Resources */,
				F42A855A0F8A580A0014157F /* DeprecatedImageList.plist in Resources */,
				F4FDBDF81572231100036EBB /* DropToMe.png in Resources */,
			);
			runOnlyForDeploymentPostprocessing = 0;
		};
		F42C580A0BA6C07000D2866B /* Resources */ = {
			isa = PBXResourcesBuildPhase;
			buildActionMask = 2147483647;
			files = (
			);
			runOnlyForDeploymentPostprocessing = 0;
		};
/* End PBXResourcesBuildPhase section */

/* Begin PBXShellScriptBuildPhase section */
		F406E99E08CDC35C007CB106 /* Create sdef */ = {
			isa = PBXShellScriptBuildPhase;
			buildActionMask = 12;
			files = (
			);
			inputPaths = (
				"${SRCROOT}/BSIconSetComposer.sdef",
			);
			name = "Create sdef";
			outputPaths = (
				"${SRCROOT}/BSIconSetComposerSuite.scriptSuite",
				"${SRCROOT}/BSIconSetComposerSuite.scriptTerminology",
			);
			runOnlyForDeploymentPostprocessing = 0;
			shellPath = /bin/sh;
			shellScript = "cd \"${SRCROOT}\"\n/usr/bin/sdp -fst -o ${SRCROOT} ${SRCROOT}/BSIconSetComposer.sdef\n";
		};
		F42C580D0BA6C07000D2866B /* ShellScript */ = {
			isa = PBXShellScriptBuildPhase;
			buildActionMask = 2147483647;
			files = (
			);
			inputPaths = (
			);
			outputPaths = (
			);
			runOnlyForDeploymentPostprocessing = 0;
			shellPath = /bin/sh;
			shellScript = "# Run the unit tests in this test bundle.\n\"${SYSTEM_DEVELOPER_DIR}/Tools/RunUnitTests\"\n";
		};
		F442040108F05189007AFE9F /* Make Localized Files */ = {
			isa = PBXShellScriptBuildPhase;
			buildActionMask = 2147483647;
			files = (
			);
			inputPaths = (
				"${SRCROOT}/IconSetComposer.m",
				"${SRCROOT}/Japanese.lproj/Localizable.strings.sed",
				"${SRCROOT}/English.lproj/Localizable.strings.sed",
			);
			name = "Make Localized Files";
			outputPaths = (
				"${SRCROOT}/English.lproj/Localizable.strings",
				"${SRCROOT}/Japanese.lproj/Localizable.strings",
			);
			runOnlyForDeploymentPostprocessing = 0;
			shellPath = /bin/sh;
			shellScript = "cd \"${SRCROOT}\"\n\nmake Localizable\n";
		};
/* End PBXShellScriptBuildPhase section */

/* Begin PBXSourcesBuildPhase section */
		8D15AC300486D014006FF6A4 /* Sources */ = {
			isa = PBXSourcesBuildPhase;
			buildActionMask = 2147483647;
			files = (
				8D15AC310486D014006FF6A4 /* IconSetDocument.m in Sources */,
				8D15AC320486D014006FF6A4 /* main.m in Sources */,
				F4F4AECF0880D28100E44313 /* IconSetComposer.m in Sources */,
				F4E4477008AFABF200375AF1 /* TemporaryFolder.m in Sources */,
				F4FF6E7908C74AEF00C0214D /* ColorSet.m in Sources */,
				F435F24C09238065004965EB /* IconTray-Dragging.m in Sources */,
				F42C27480987B78A0032C9F9 /* NSAppleEventDescriptor-Extensions.m in Sources */,
				F42C27670987B9350032C9F9 /* NSWorkspace-Extensions.m in Sources */,
				F42C52B80BA3AFEB00D2866B /* BSCSIcons.m in Sources */,
				F42C57EA0BA5961800D2866B /* BSCSUserDefaults.m in Sources */,
				F4FDBDFF15722E3500036EBB /* BSCSLastUpdatePreview.m in Sources */,
			);
			runOnlyForDeploymentPostprocessing = 0;
		};
		F42C580B0BA6C07000D2866B /* Sources */ = {
			isa = PBXSourcesBuildPhase;
			buildActionMask = 2147483647;
			files = (
				F42C582F0BA6C14A00D2866B /* BSCSUserDefaultsTest.m in Sources */,
				F42C58300BA6C20100D2866B /* BSCSUserDefaults.m in Sources */,
			);
			runOnlyForDeploymentPostprocessing = 0;
		};
/* End PBXSourcesBuildPhase section */

/* Begin PBXTargetDependency section */
		F414890A15765FD00041118B /* PBXTargetDependency */ = {
			isa = PBXTargetDependency;
			target = 8D15AC270486D014006FF6A4 /* IconSetComposer */;
			targetProxy = F414890915765FD00041118B /* PBXContainerItemProxy */;
		};
/* End PBXTargetDependency section */

/* Begin PBXVariantGroup section */
		F44203E308F04A89007AFE9F /* Localizable.strings.sed */ = {
			isa = PBXVariantGroup;
			children = (
				F44203E408F04A8A007AFE9F /* Japanese */,
				F44203FC08F04DAB007AFE9F /* English */,
			);
			name = Localizable.strings.sed;
			sourceTree = "<group>";
		};
		F45B21830919919C0055CBC4 /* IconNames.strings */ = {
			isa = PBXVariantGroup;
			children = (
				F45B217F091991230055CBC4 /* English */,
				F45B2185091991B30055CBC4 /* Japanese */,
			);
			name = IconNames.strings;
			sourceTree = "<group>";
		};
		F461E46308ADCDB400384957 /* MainMenu.nib */ = {
			isa = PBXVariantGroup;
			children = (
				2A37F4B7FDCFA73011CA2CEA /* English */,
				F461E46508ADCDBD00384957 /* Japanese */,
			);
			name = MainMenu.nib;
			sourceTree = "<group>";
		};
		F461E46608ADCDCA00384957 /* IconSetDocument.nib */ = {
			isa = PBXVariantGroup;
			children = (
				2A37F4B5FDCFA73011CA2CEA /* English */,
				F461E46808ADCDD600384957 /* Japanese */,
			);
			name = IconSetDocument.nib;
			sourceTree = "<group>";
		};
		F4626F2D08ADD94A00B71ADA /* InfoPlist.strings */ = {
			isa = PBXVariantGroup;
			children = (
				089C1660FE840EACC02AAC07 /* English */,
				F4626F2F08ADD95100B71ADA /* Japanese */,
			);
			name = InfoPlist.strings;
			sourceTree = "<group>";
		};
		F471950008E302AE00710258 /* Localizable.strings */ = {
			isa = PBXVariantGroup;
			children = (
				F47194FE08E302A600710258 /* English */,
				F471950208E302BC00710258 /* Japanese */,
			);
			name = Localizable.strings;
			sourceTree = "<group>";
		};
/* End PBXVariantGroup section */

/* Begin XCBuildConfiguration section */
		F414890515765FC90041118B /* Debug */ = {
			isa = XCBuildConfiguration;
			buildSettings = {
				PRODUCT_NAME = "$(TARGET_NAME)";
			};
			name = Debug;
		};
		F414890615765FC90041118B /* Release */ = {
			isa = XCBuildConfiguration;
			buildSettings = {
				PRODUCT_NAME = "$(TARGET_NAME)";
			};
			name = Release;
		};
		F414890715765FC90041118B /* Default */ = {
			isa = XCBuildConfiguration;
			buildSettings = {
				PRODUCT_NAME = "$(TARGET_NAME)";
			};
			name = Default;
		};
		F42C58120BA6C07100D2866B /* Debug */ = {
			isa = XCBuildConfiguration;
			buildSettings = {
				COPY_PHASE_STRIP = NO;
				FRAMEWORK_SEARCH_PATHS = (
					"$(value)",
					"$(DEVELOPER_FRAMEWORKS_DIR_QUOTED)",
				);
				GCC_DYNAMIC_NO_PIC = NO;
				GCC_ENABLE_FIX_AND_CONTINUE = NO;
				GCC_ENABLE_OBJC_EXCEPTIONS = YES;
				GCC_GENERATE_DEBUGGING_SYMBOLS = YES;
				GCC_MODEL_TUNING = G5;
				GCC_OPTIMIZATION_LEVEL = 0;
				GCC_PRECOMPILE_PREFIX_HEADER = YES;
				GCC_PREFIX_HEADER = "$(SYSTEM_LIBRARY_DIR)/Frameworks/Cocoa.framework/Headers/Cocoa.h";
				INFOPLIST_FILE = "UnitTest-Info.plist";
				INSTALL_PATH = "$(USER_LIBRARY_DIR)/Bundles";
				OTHER_LDFLAGS = (
					"-framework",
					Cocoa,
					"-framework",
					SenTestingKit,
				);
				PREBINDING = NO;
				PRODUCT_NAME = UnitTest;
				WRAPPER_EXTENSION = octest;
				ZERO_LINK = NO;
			};
			name = Debug;
		};
		F42C58130BA6C07100D2866B /* Release */ = {
			isa = XCBuildConfiguration;
			buildSettings = {
				COPY_PHASE_STRIP = YES;
				FRAMEWORK_SEARCH_PATHS = (
					"$(value)",
					"$(DEVELOPER_FRAMEWORKS_DIR_QUOTED)",
				);
				GCC_ENABLE_FIX_AND_CONTINUE = NO;
				GCC_ENABLE_OBJC_EXCEPTIONS = YES;
				GCC_GENERATE_DEBUGGING_SYMBOLS = NO;
				GCC_MODEL_TUNING = G5;
				GCC_PRECOMPILE_PREFIX_HEADER = YES;
				GCC_PREFIX_HEADER = "$(SYSTEM_LIBRARY_DIR)/Frameworks/Cocoa.framework/Headers/Cocoa.h";
				INFOPLIST_FILE = "UnitTest-Info.plist";
				INSTALL_PATH = "$(USER_LIBRARY_DIR)/Bundles";
				OTHER_LDFLAGS = (
					"-framework",
					Cocoa,
					"-framework",
					SenTestingKit,
				);
				PREBINDING = NO;
				PRODUCT_NAME = UnitTest;
				WRAPPER_EXTENSION = octest;
				ZERO_LINK = NO;
			};
			name = Release;
		};
		F42C58140BA6C07100D2866B /* Default */ = {
			isa = XCBuildConfiguration;
			buildSettings = {
				FRAMEWORK_SEARCH_PATHS = (
					"$(value)",
					"$(DEVELOPER_FRAMEWORKS_DIR_QUOTED)",
				);
				GCC_ENABLE_FIX_AND_CONTINUE = NO;
				GCC_ENABLE_OBJC_EXCEPTIONS = YES;
				GCC_MODEL_TUNING = G5;
				GCC_PRECOMPILE_PREFIX_HEADER = YES;
				GCC_PREFIX_HEADER = "$(SYSTEM_LIBRARY_DIR)/Frameworks/Cocoa.framework/Headers/Cocoa.h";
				INFOPLIST_FILE = "UnitTest-Info.plist";
				INSTALL_PATH = "$(USER_LIBRARY_DIR)/Bundles";
				OTHER_LDFLAGS = (
					"-framework",
					Cocoa,
					"-framework",
					SenTestingKit,
				);
				PREBINDING = NO;
				PRODUCT_NAME = UnitTest;
				WRAPPER_EXTENSION = octest;
				ZERO_LINK = NO;
			};
			name = Default;
		};
		F4F4AE970880C61600E44313 /* Debug */ = {
			isa = XCBuildConfiguration;
			buildSettings = {
				COPY_PHASE_STRIP = NO;
				FRAMEWORK_SEARCH_PATHS = (
					$HOME/Library/frameworks,
					"$(FRAMEWORK_SEARCH_PATHS_QUOTED_FOR_TARGET_1)",
				);
				FRAMEWORK_SEARCH_PATHS_QUOTED_FOR_TARGET_1 = "\"$(SRCROOT)/IconTray3/build/Release\"";
				GCC_DYNAMIC_NO_PIC = NO;
				GCC_ENABLE_FIX_AND_CONTINUE = YES;
				GCC_GENERATE_DEBUGGING_SYMBOLS = YES;
				GCC_OPTIMIZATION_LEVEL = 0;
				GCC_PRECOMPILE_PREFIX_HEADER = YES;
				GCC_PREFIX_HEADER = IconSetComposer_Prefix.pch;
				GCC_PREPROCESSOR_DEFINITIONS = DEBUG;
				GCC_WARN_ABOUT_RETURN_TYPE = YES;
				GCC_WARN_UNUSED_VARIABLE = YES;
				INFOPLIST_FILE = Info.plist;
				INFOPLIST_PREFIX_HEADER = "";
				INFOPLIST_PREPROCESS = NO;
				INSTALL_PATH = "$(HOME)/Applications";
				PREBINDING = YES;
				PRODUCT_NAME = BSIconSetComposer;
				WRAPPER_EXTENSION = app;
			};
			name = Debug;
		};
		F4F4AE980880C61600E44313 /* Release */ = {
			isa = XCBuildConfiguration;
			buildSettings = {
				COPY_PHASE_STRIP = NO;
				FRAMEWORK_SEARCH_PATHS = (
					$HOME/Library/frameworks,
					"$(FRAMEWORK_SEARCH_PATHS_QUOTED_FOR_TARGET_1)",
				);
				FRAMEWORK_SEARCH_PATHS_QUOTED_FOR_TARGET_1 = "\"$(SRCROOT)/IconTray3/build/Release\"";
				GCC_ENABLE_FIX_AND_CONTINUE = NO;
				GCC_GENERATE_DEBUGGING_SYMBOLS = NO;
				GCC_PRECOMPILE_PREFIX_HEADER = YES;
				GCC_PREFIX_HEADER = IconSetComposer_Prefix.pch;
				GCC_WARN_ABOUT_RETURN_TYPE = YES;
				GCC_WARN_UNUSED_VARIABLE = YES;
				INFOPLIST_FILE = Info.plist;
				INFOPLIST_PREFIX_HEADER = "";
				INFOPLIST_PREPROCESS = NO;
				INSTALL_PATH = "$(HOME)/Applications";
				PREBINDING = YES;
				PRODUCT_NAME = BSIconSetComposer;
				WRAPPER_EXTENSION = app;
			};
			name = Release;
		};
		F4F4AE990880C61600E44313 /* Default */ = {
			isa = XCBuildConfiguration;
			buildSettings = {
				COPY_PHASE_STRIP = NO;
				FRAMEWORK_SEARCH_PATHS = (
					$HOME/Library/frameworks,
					"$(FRAMEWORK_SEARCH_PATHS_QUOTED_FOR_TARGET_1)",
				);
				FRAMEWORK_SEARCH_PATHS_QUOTED_FOR_TARGET_1 = "\"$(SRCROOT)/IconTray3/build/Release\"";
				GCC_GENERATE_DEBUGGING_SYMBOLS = NO;
				GCC_PRECOMPILE_PREFIX_HEADER = YES;
				GCC_PREFIX_HEADER = IconSetComposer_Prefix.pch;
				GCC_WARN_ABOUT_RETURN_TYPE = YES;
				GCC_WARN_UNUSED_VARIABLE = YES;
				INFOPLIST_FILE = Info.plist;
				INFOPLIST_PREFIX_HEADER = "";
				INFOPLIST_PREPROCESS = NO;
				INSTALL_PATH = "$(HOME)/Applications";
				PREBINDING = YES;
				PRODUCT_NAME = BSIconSetComposer;
				WRAPPER_EXTENSION = app;
			};
			name = Default;
		};
		F4F4AE9B0880C61600E44313 /* Debug */ = {
			isa = XCBuildConfiguration;
			buildSettings = {
				SDKROOT = macosx10.6;
			};
			name = Debug;
		};
		F4F4AE9C0880C61600E44313 /* Release */ = {
			isa = XCBuildConfiguration;
			buildSettings = {
				ARCHS = "$(ARCHS_STANDARD_32_64_BIT_PRE_XCODE_3_1)";
				ARCHS_STANDARD_32_64_BIT_PRE_XCODE_3_1 = "x86_64 i386 ppc";
				SDKROOT = macosx10.6;
			};
			name = Release;
		};
		F4F4AE9D0880C61600E44313 /* Default */ = {
			isa = XCBuildConfiguration;
			buildSettings = {
				SDKROOT = macosx10.6;
			};
			name = Default;
		};
/* End XCBuildConfiguration section */

/* Begin XCConfigurationList section */
		F414890815765FC90041118B /* Build configuration list for PBXAggregateTarget "EnglishUICheck" */ = {
			isa = XCConfigurationList;
			buildConfigurations = (
				F414890515765FC90041118B /* Debug */,
				F414890615765FC90041118B /* Release */,
				F414890715765FC90041118B /* Default */,
			);
			defaultConfigurationIsVisible = 0;
		};
		F42C58110BA6C07100D2866B /* Build configuration list for PBXNativeTarget "UnitTest" */ = {
			isa = XCConfigurationList;
			buildConfigurations = (
				F42C58120BA6C07100D2866B /* Debug */,
				F42C58130BA6C07100D2866B /* Release */,
				F42C58140BA6C07100D2866B /* Default */,
			);
			defaultConfigurationIsVisible = 0;
			defaultConfigurationName = Default;
		};
		F4F4AE960880C61600E44313 /* Build configuration list for PBXNativeTarget "IconSetComposer" */ = {
			isa = XCConfigurationList;
			buildConfigurations = (
				F4F4AE970880C61600E44313 /* Debug */,
				F4F4AE980880C61600E44313 /* Release */,
				F4F4AE990880C61600E44313 /* Default */,
			);
			defaultConfigurationIsVisible = 0;
			defaultConfigurationName = Default;
		};
		F4F4AE9A0880C61600E44313 /* Build configuration list for PBXProject "BSIconSetComposer" */ = {
			isa = XCConfigurationList;
			buildConfigurations = (
				F4F4AE9B0880C61600E44313 /* Debug */,
				F4F4AE9C0880C61600E44313 /* Release */,
				F4F4AE9D0880C61600E44313 /* Default */,
			);
			defaultConfigurationIsVisible = 0;
			defaultConfigurationName = Default;
		};
/* End XCConfigurationList section */
	};
	rootObject = 2A37F4A9FDCFA73011CA2CEA /* Project object */;
}
