// !$*UTF8*$!
{
	archiveVersion = 1;
	classes = {
	};
	objectVersion = 42;
	objects = {

/* Begin PBXAggregateTarget section */
		53DF6901067E5B8E0090B5B0 /* All */ = {
			isa = PBXAggregateTarget;
			buildConfigurationList = F46A8CE308F8B7BF00DC0F4A /* Build configuration list for PBXAggregateTarget "All" */;
			buildPhases = (
			);
			dependencies = (
				53DF6903067E5B930090B5B0 /* PBXTargetDependency */,
				53DF6905067E5B930090B5B0 /* PBXTargetDependency */,
			);
			name = All;
			productName = All;
		};
/* End PBXAggregateTarget section */

/* Begin PBXBuildFile section */
		13EB9DBE07DE0F1E00EB933A /* InterfaceBuilder.framework in Frameworks */ = {isa = PBXBuildFile; fileRef = 13EB9DBD07DE0F1E00EB933A /* InterfaceBuilder.framework */; };
		13F8B89007B43554008AE28D /* Cocoa.framework in Frameworks */ = {isa = PBXBuildFile; fileRef = DD92D38A0106425D02CA0E72 /* Cocoa.framework */; };
		546DEAF3067F632A0098DCC4 /* IconTray.framework in Frameworks */ = {isa = PBXBuildFile; fileRef = 53DF68FD067E5B5A0090B5B0 /* IconTray.framework */; };
		54D33B2906778E3300C9C163 /* IconTray.ibclassdescription in Resources */ = {isa = PBXBuildFile; fileRef = 54D33B2806778E3300C9C163 /* IconTray.ibclassdescription */; };
		8D1AC9670486D14A00FE50C9 /* IconTrayInspector.nib in Resources */ = {isa = PBXBuildFile; fileRef = 0259C57EFE90428111CA0C5A /* IconTrayInspector.nib */; };
		8D1AC9680486D14A00FE50C9 /* IconTrayPalette.nib in Resources */ = {isa = PBXBuildFile; fileRef = 0259C580FE90428111CA0C5A /* IconTrayPalette.nib */; };
		8D1AC9690486D14A00FE50C9 /* palette.table in Resources */ = {isa = PBXBuildFile; fileRef = 0259C583FE90428111CA0C5A /* palette.table */; };
		8D1AC96C0486D14A00FE50C9 /* IconTrayInspector.m in Sources */ = {isa = PBXBuildFile; fileRef = 0259C577FE90428111CA0C5A /* IconTrayInspector.m */; settings = {ATTRIBUTES = (); }; };
		8D1AC96D0486D14A00FE50C9 /* IconTrayPalette.m in Sources */ = {isa = PBXBuildFile; fileRef = 0259C578FE90428111CA0C5A /* IconTrayPalette.m */; settings = {ATTRIBUTES = (); }; };
		8D1AC9700486D14A00FE50C9 /* Cocoa.framework in Frameworks */ = {isa = PBXBuildFile; fileRef = DD92D38A0106425D02CA0E72 /* Cocoa.framework */; };
		8D1AC9800486D23B00FE50C9 /* InfoPlist.strings in Resources */ = {isa = PBXBuildFile; fileRef = 8D1AC97F0486D23B00FE50C9 /* InfoPlist.strings */; };
		F41CD7C6091240AF00D66C88 /* IconTray.m in Sources */ = {isa = PBXBuildFile; fileRef = F41CD7C5091240AF00D66C88 /* IconTray.m */; };
		F41CD7C7091240BA00D66C88 /* IconTray.m in Sources */ = {isa = PBXBuildFile; fileRef = F41CD7C5091240AF00D66C88 /* IconTray.m */; };
		F435F2AB092387D1004965EB /* IconTray.framework in Copy Frameworks */ = {isa = PBXBuildFile; fileRef = 53DF68FD067E5B5A0090B5B0 /* IconTray.framework */; };
		F44A880209178EAA004AD55A /* IconTray.tiff in Resources */ = {isa = PBXBuildFile; fileRef = F46A8F0F08F957F300DC0F4A /* IconTray.tiff */; };
		F4652E3A0906B193003BD0AD /* IconTray.h in Headers */ = {isa = PBXBuildFile; fileRef = F4652E380906B193003BD0AD /* IconTray.h */; settings = {ATTRIBUTES = (Public, ); }; };
		F46A8D8008F9389800DC0F4A /* TestIconTray.m in Sources */ = {isa = PBXBuildFile; fileRef = F46A8D7F08F9389800DC0F4A /* TestIconTray.m */; };
		F46A8D8708F938EF00DC0F4A /* MainMenu.nib in Resources */ = {isa = PBXBuildFile; fileRef = F46A8D8508F938EF00DC0F4A /* MainMenu.nib */; };
		F46A8D9C08F93B2C00DC0F4A /* TestMain.m in Sources */ = {isa = PBXBuildFile; fileRef = F46A8D9B08F93B2C00DC0F4A /* TestMain.m */; };
		F46A8E5308F945AE00DC0F4A /* Cocoa.framework in Frameworks */ = {isa = PBXBuildFile; fileRef = DD92D38A0106425D02CA0E72 /* Cocoa.framework */; };
		F494966108F95DD600A4311A /* IconTray.tiff in Resources */ = {isa = PBXBuildFile; fileRef = F46A8F0F08F957F300DC0F4A /* IconTray.tiff */; };
/* End PBXBuildFile section */

/* Begin PBXContainerItemProxy section */
		53DF6902067E5B930090B5B0 /* PBXContainerItemProxy */ = {
			isa = PBXContainerItemProxy;
			containerPortal = 0259C573FE90428111CA0C5A /* Project object */;
			proxyType = 1;
			remoteGlobalIDString = 8D1AC9600486D14A00FE50C9;
			remoteInfo = IconTray;
		};
		53DF6904067E5B930090B5B0 /* PBXContainerItemProxy */ = {
			isa = PBXContainerItemProxy;
			containerPortal = 0259C573FE90428111CA0C5A /* Project object */;
			proxyType = 1;
			remoteGlobalIDString = 53DF68FC067E5B5A0090B5B0;
			remoteInfo = IconTrayFramework;
		};
		546DEAEF067F62F70098DCC4 /* PBXContainerItemProxy */ = {
			isa = PBXContainerItemProxy;
			containerPortal = 0259C573FE90428111CA0C5A /* Project object */;
			proxyType = 1;
			remoteGlobalIDString = 53DF68FC067E5B5A0090B5B0;
			remoteInfo = IconTrayFramework;
		};
/* End PBXContainerItemProxy section */

/* Begin PBXCopyFilesBuildPhase section */
		F435F2A6092387B1004965EB /* Copy Frameworks */ = {
			isa = PBXCopyFilesBuildPhase;
			buildActionMask = 2147483647;
			dstPath = "";
			dstSubfolderSpec = 10;
			files = (
				F435F2AB092387D1004965EB /* IconTray.framework in Copy Frameworks */,
			);
			name = "Copy Frameworks";
			runOnlyForDeploymentPostprocessing = 0;
		};
/* End PBXCopyFilesBuildPhase section */

/* Begin PBXFileReference section */
		0259C577FE90428111CA0C5A /* IconTrayInspector.m */ = {isa = PBXFileReference; fileEncoding = 30; lastKnownFileType = sourcecode.c.objc; path = IconTrayInspector.m; sourceTree = "<group>"; };
		0259C578FE90428111CA0C5A /* IconTrayPalette.m */ = {isa = PBXFileReference; fileEncoding = 4; lastKnownFileType = sourcecode.c.objc; path = IconTrayPalette.m; sourceTree = "<group>"; };
		0259C57BFE90428111CA0C5A /* IconTrayInspector.h */ = {isa = PBXFileReference; fileEncoding = 30; lastKnownFileType = sourcecode.c.h; path = IconTrayInspector.h; sourceTree = "<group>"; };
		0259C57CFE90428111CA0C5A /* IconTrayPalette.h */ = {isa = PBXFileReference; fileEncoding = 30; lastKnownFileType = sourcecode.c.h; path = IconTrayPalette.h; sourceTree = "<group>"; };
		0259C57FFE90428111CA0C5A /* English */ = {isa = PBXFileReference; lastKnownFileType = wrapper.nib; name = English; path = English.lproj/IconTrayInspector.nib; sourceTree = "<group>"; };
		0259C581FE90428111CA0C5A /* English */ = {isa = PBXFileReference; lastKnownFileType = wrapper.nib; name = English; path = English.lproj/IconTrayPalette.nib; sourceTree = "<group>"; };
		0259C583FE90428111CA0C5A /* palette.table */ = {isa = PBXFileReference; fileEncoding = 4; lastKnownFileType = text.xml; path = palette.table; sourceTree = "<group>"; };
		13EB9DBD07DE0F1E00EB933A /* InterfaceBuilder.framework */ = {isa = PBXFileReference; lastKnownFileType = wrapper.framework; name = InterfaceBuilder.framework; path = /System/Library/Frameworks/InterfaceBuilder.framework; sourceTree = "<absolute>"; };
		13F8B88807B434F6008AE28D /* AppKit.framework */ = {isa = PBXFileReference; lastKnownFileType = wrapper.framework; name = AppKit.framework; path = /System/Library/Frameworks/AppKit.framework; sourceTree = "<absolute>"; };
		13F8B88907B434F6008AE28D /* CoreData.framework */ = {isa = PBXFileReference; lastKnownFileType = wrapper.framework; name = CoreData.framework; path = /System/Library/Frameworks/CoreData.framework; sourceTree = "<absolute>"; };
		13F8B88A07B434F6008AE28D /* Foundation.framework */ = {isa = PBXFileReference; lastKnownFileType = wrapper.framework; name = Foundation.framework; path = /System/Library/Frameworks/Foundation.framework; sourceTree = "<absolute>"; };
		32DBCF980370C29C00C91783 /* IconTray_Prefix.pch */ = {isa = PBXFileReference; fileEncoding = 4; lastKnownFileType = sourcecode.c.h; path = IconTray_Prefix.pch; sourceTree = "<group>"; };
		53DF68FD067E5B5A0090B5B0 /* IconTray.framework */ = {isa = PBXFileReference; explicitFileType = wrapper.framework; includeInIndex = 0; path = IconTray.framework; sourceTree = BUILT_PRODUCTS_DIR; };
		53DF68FE067E5B5A0090B5B0 /* IconTrayFramework-Info.plist */ = {isa = PBXFileReference; lastKnownFileType = text.xml; path = "IconTrayFramework-Info.plist"; sourceTree = "<group>"; };
		54D33B2806778E3300C9C163 /* IconTray.ibclassdescription */ = {isa = PBXFileReference; fileEncoding = 4; lastKnownFileType = text; path = IconTray.ibclassdescription; sourceTree = "<group>"; };
		8D1AC9730486D14A00FE50C9 /* Info.plist */ = {isa = PBXFileReference; fileEncoding = 4; lastKnownFileType = text.plist; path = Info.plist; sourceTree = "<group>"; };
		8D1AC9740486D14A00FE50C9 /* IconTray.palette */ = {isa = PBXFileReference; explicitFileType = wrapper.cfbundle; includeInIndex = 0; path = IconTray.palette; sourceTree = BUILT_PRODUCTS_DIR; };
		8D1AC97B0486D23100FE50C9 /* English */ = {isa = PBXFileReference; fileEncoding = 10; lastKnownFileType = text.plist.strings; name = English; path = English.lproj/InfoPlist.strings; sourceTree = "<group>"; };
		DD92D38A0106425D02CA0E72 /* Cocoa.framework */ = {isa = PBXFileReference; lastKnownFileType = wrapper.framework; name = Cocoa.framework; path = /System/Library/Frameworks/Cocoa.framework; sourceTree = "<absolute>"; };
		F41CD7C5091240AF00D66C88 /* IconTray.m */ = {isa = PBXFileReference; fileEncoding = 4; lastKnownFileType = sourcecode.c.objc; path = IconTray.m; sourceTree = "<group>"; };
		F4652E380906B193003BD0AD /* IconTray.h */ = {isa = PBXFileReference; fileEncoding = 4; lastKnownFileType = sourcecode.c.h; path = IconTray.h; sourceTree = "<group>"; };
		F46A8D5B08F936E800DC0F4A /* TestIconTray.app */ = {isa = PBXFileReference; explicitFileType = wrapper.application; includeInIndex = 0; path = TestIconTray.app; sourceTree = BUILT_PRODUCTS_DIR; };
		F46A8D5D08F936E900DC0F4A /* TestIconTray-Info.plist */ = {isa = PBXFileReference; lastKnownFileType = text.xml; path = "TestIconTray-Info.plist"; sourceTree = "<group>"; };
		F46A8D7E08F9389800DC0F4A /* TestIconTray.h */ = {isa = PBXFileReference; fileEncoding = 4; lastKnownFileType = sourcecode.c.h; path = TestIconTray.h; sourceTree = "<group>"; };
		F46A8D7F08F9389800DC0F4A /* TestIconTray.m */ = {isa = PBXFileReference; fileEncoding = 4; lastKnownFileType = sourcecode.c.objc; path = TestIconTray.m; sourceTree = "<group>"; };
		F46A8D8608F938EF00DC0F4A /* English */ = {isa = PBXFileReference; lastKnownFileType = wrapper.nib; name = English; path = English.lproj/MainMenu.nib; sourceTree = "<group>"; };
		F46A8D9B08F93B2C00DC0F4A /* TestMain.m */ = {isa = PBXFileReference; fileEncoding = 4; lastKnownFileType = sourcecode.c.objc; path = TestMain.m; sourceTree = "<group>"; };
		F46A8DFD08F93C9300DC0F4A /* TestIconTray_Prefix.pch */ = {isa = PBXFileReference; fileEncoding = 4; lastKnownFileType = sourcecode.c.h; path = TestIconTray_Prefix.pch; sourceTree = "<group>"; };
		F46A8F0F08F957F300DC0F4A /* IconTray.tiff */ = {isa = PBXFileReference; lastKnownFileType = image.tiff; path = IconTray.tiff; sourceTree = "<group>"; };
/* End PBXFileReference section */

/* Begin PBXFrameworksBuildPhase section */
		53DF68FB067E5B5A0090B5B0 /* Frameworks */ = {
			isa = PBXFrameworksBuildPhase;
			buildActionMask = 2147483647;
			files = (
				13F8B89007B43554008AE28D /* Cocoa.framework in Frameworks */,
			);
			runOnlyForDeploymentPostprocessing = 0;
		};
		8D1AC96E0486D14A00FE50C9 /* Frameworks */ = {
			isa = PBXFrameworksBuildPhase;
			buildActionMask = 2147483647;
			files = (
				8D1AC9700486D14A00FE50C9 /* Cocoa.framework in Frameworks */,
				546DEAF3067F632A0098DCC4 /* IconTray.framework in Frameworks */,
				13EB9DBE07DE0F1E00EB933A /* InterfaceBuilder.framework in Frameworks */,
			);
			runOnlyForDeploymentPostprocessing = 0;
		};
		F46A8D5908F936E800DC0F4A /* Frameworks */ = {
			isa = PBXFrameworksBuildPhase;
			buildActionMask = 2147483647;
			files = (
				F46A8E5308F945AE00DC0F4A /* Cocoa.framework in Frameworks */,
			);
			runOnlyForDeploymentPostprocessing = 0;
		};
/* End PBXFrameworksBuildPhase section */

/* Begin PBXGroup section */
		0259C574FE90428111CA0C5A /* IconTray */ = {
			isa = PBXGroup;
			children = (
				F46A8D7B08F9386800DC0F4A /* Test */,
				32DBCF9E0370C38000C91783 /* Palette */,
				54D33B2C06778E4400C9C163 /* Framework */,
				0259C582FE90428111CA0C5A /* Resources */,
				1ED78706FE9D4A0611CA0C5A /* Products */,
				2E58F364FFB232C311CA0CBA /* Frameworks */,
			);
			name = IconTray;
			sourceTree = "<group>";
		};
		0259C582FE90428111CA0C5A /* Resources */ = {
			isa = PBXGroup;
			children = (
				8D1AC9730486D14A00FE50C9 /* Info.plist */,
				53DF68FE067E5B5A0090B5B0 /* IconTrayFramework-Info.plist */,
				8D1AC97F0486D23B00FE50C9 /* InfoPlist.strings */,
			);
			name = Resources;
			sourceTree = "<group>";
		};
		131E8FE8067F80F40006E0CE /* Resources */ = {
			isa = PBXGroup;
			children = (
				F46A8F0F08F957F300DC0F4A /* IconTray.tiff */,
				0259C57EFE90428111CA0C5A /* IconTrayInspector.nib */,
				0259C580FE90428111CA0C5A /* IconTrayPalette.nib */,
			);
			name = Resources;
			sourceTree = "<group>";
		};
		13F8B6FD07B43410008AE28D /* Linked Frameworks */ = {
			isa = PBXGroup;
			children = (
				13EB9DBD07DE0F1E00EB933A /* InterfaceBuilder.framework */,
				DD92D38A0106425D02CA0E72 /* Cocoa.framework */,
			);
			name = "Linked Frameworks";
			sourceTree = "<group>";
		};
		13F8B70407B43425008AE28D /* Other Frameworks */ = {
			isa = PBXGroup;
			children = (
				13F8B88807B434F6008AE28D /* AppKit.framework */,
				13F8B88907B434F6008AE28D /* CoreData.framework */,
				13F8B88A07B434F6008AE28D /* Foundation.framework */,
			);
			name = "Other Frameworks";
			sourceTree = "<group>";
		};
		1ED78706FE9D4A0611CA0C5A /* Products */ = {
			isa = PBXGroup;
			children = (
				8D1AC9740486D14A00FE50C9 /* IconTray.palette */,
				53DF68FD067E5B5A0090B5B0 /* IconTray.framework */,
				F46A8D5B08F936E800DC0F4A /* TestIconTray.app */,
			);
			name = Products;
			sourceTree = "<group>";
		};
		2E58F364FFB232C311CA0CBA /* Frameworks */ = {
			isa = PBXGroup;
			children = (
				13F8B6FD07B43410008AE28D /* Linked Frameworks */,
				13F8B70407B43425008AE28D /* Other Frameworks */,
			);
			name = Frameworks;
			sourceTree = "<group>";
		};
		32DBCF9E0370C38000C91783 /* Palette */ = {
			isa = PBXGroup;
			children = (
				54D33B2406778DD400C9C163 /* Undo Support */,
				54D33B2506778DF000C9C163 /* Classes */,
				32DBCF9F0370C38200C91783 /* Other Sources */,
				131E8FE8067F80F40006E0CE /* Resources */,
				0259C583FE90428111CA0C5A /* palette.table */,
			);
			name = Palette;
			sourceTree = "<group>";
		};
		32DBCF9F0370C38200C91783 /* Other Sources */ = {
			isa = PBXGroup;
			children = (
				32DBCF980370C29C00C91783 /* IconTray_Prefix.pch */,
			);
			name = "Other Sources";
			sourceTree = "<group>";
		};
		54D33B2406778DD400C9C163 /* Undo Support */ = {
			isa = PBXGroup;
			children = (
				54D33B2806778E3300C9C163 /* IconTray.ibclassdescription */,
			);
			name = "Undo Support";
			sourceTree = "<group>";
		};
		54D33B2506778DF000C9C163 /* Classes */ = {
			isa = PBXGroup;
			children = (
				0259C57BFE90428111CA0C5A /* IconTrayInspector.h */,
				0259C577FE90428111CA0C5A /* IconTrayInspector.m */,
				0259C57CFE90428111CA0C5A /* IconTrayPalette.h */,
				0259C578FE90428111CA0C5A /* IconTrayPalette.m */,
			);
			name = Classes;
			sourceTree = "<group>";
		};
		54D33B2C06778E4400C9C163 /* Framework */ = {
			isa = PBXGroup;
			children = (
				F4652E380906B193003BD0AD /* IconTray.h */,
				F41CD7C5091240AF00D66C88 /* IconTray.m */,
			);
			name = Framework;
			sourceTree = "<group>";
		};
		F46A8D7B08F9386800DC0F4A /* Test */ = {
			isa = PBXGroup;
			children = (
				F46A8D7E08F9389800DC0F4A /* TestIconTray.h */,
				F46A8D7F08F9389800DC0F4A /* TestIconTray.m */,
				F46A8D9B08F93B2C00DC0F4A /* TestMain.m */,
				F46A8DFD08F93C9300DC0F4A /* TestIconTray_Prefix.pch */,
				F46A8D8508F938EF00DC0F4A /* MainMenu.nib */,
				F46A8D5D08F936E900DC0F4A /* TestIconTray-Info.plist */,
			);
			name = Test;
			sourceTree = "<group>";
		};
/* End PBXGroup section */

/* Begin PBXHeadersBuildPhase section */
		53DF68F8067E5B5A0090B5B0 /* Headers */ = {
			isa = PBXHeadersBuildPhase;
			buildActionMask = 2147483647;
			files = (
				F4652E3A0906B193003BD0AD /* IconTray.h in Headers */,
			);
			runOnlyForDeploymentPostprocessing = 0;
		};
/* End PBXHeadersBuildPhase section */

/* Begin PBXNativeTarget section */
		53DF68FC067E5B5A0090B5B0 /* IconTray */ = {
			isa = PBXNativeTarget;
			buildConfigurationList = F46A8CDB08F8B7BF00DC0F4A /* Build configuration list for PBXNativeTarget "IconTray" */;
			buildPhases = (
				53DF68F8067E5B5A0090B5B0 /* Headers */,
				53DF68F9067E5B5A0090B5B0 /* Resources */,
				53DF68FA067E5B5A0090B5B0 /* Sources */,
				53DF68FB067E5B5A0090B5B0 /* Frameworks */,
			);
			buildRules = (
			);
			dependencies = (
			);
			name = IconTray;
			productName = IconTrayFramework;
			productReference = 53DF68FD067E5B5A0090B5B0 /* IconTray.framework */;
			productType = "com.apple.product-type.framework";
		};
		8D1AC9600486D14A00FE50C9 /* IconTrayPalette */ = {
			isa = PBXNativeTarget;
			buildConfigurationList = F46A8CDF08F8B7BF00DC0F4A /* Build configuration list for PBXNativeTarget "IconTrayPalette" */;
			buildPhases = (
				8D1AC9660486D14A00FE50C9 /* Resources */,
				8D1AC96A0486D14A00FE50C9 /* Sources */,
				8D1AC96E0486D14A00FE50C9 /* Frameworks */,
				F435F2A6092387B1004965EB /* Copy Frameworks */,
			);
			buildRules = (
			);
			dependencies = (
				546DEAF0067F62F70098DCC4 /* PBXTargetDependency */,
			);
			name = IconTrayPalette;
			productInstallPath = "$(HOME)/Developer/Palettes";
			productName = IconTray;
			productReference = 8D1AC9740486D14A00FE50C9 /* IconTray.palette */;
			productType = "com.apple.product-type.bundle";
		};
		F46A8D5A08F936E800DC0F4A /* TestIconTray */ = {
			isa = PBXNativeTarget;
			buildConfigurationList = F46A8D5F08F936EA00DC0F4A /* Build configuration list for PBXNativeTarget "TestIconTray" */;
			buildPhases = (
				F46A8D5708F936E800DC0F4A /* Resources */,
				F46A8D5808F936E800DC0F4A /* Sources */,
				F46A8D5908F936E800DC0F4A /* Frameworks */,
			);
			buildRules = (
			);
			dependencies = (
			);
			name = TestIconTray;
			productName = TestIconTray;
			productReference = F46A8D5B08F936E800DC0F4A /* TestIconTray.app */;
			productType = "com.apple.product-type.application";
		};
/* End PBXNativeTarget section */

/* Begin PBXProject section */
		0259C573FE90428111CA0C5A /* Project object */ = {
			isa = PBXProject;
			buildConfigurationList = F46A8CE708F8B7BF00DC0F4A /* Build configuration list for PBXProject "IconTray" */;
			hasScannedForEncodings = 1;
			mainGroup = 0259C574FE90428111CA0C5A /* IconTray */;
			projectDirPath = "";
			targets = (
				8D1AC9600486D14A00FE50C9 /* IconTrayPalette */,
				53DF68FC067E5B5A0090B5B0 /* IconTray */,
				53DF6901067E5B8E0090B5B0 /* All */,
				F46A8D5A08F936E800DC0F4A /* TestIconTray */,
			);
		};
/* End PBXProject section */

/* Begin PBXResourcesBuildPhase section */
		53DF68F9067E5B5A0090B5B0 /* Resources */ = {
			isa = PBXResourcesBuildPhase;
			buildActionMask = 2147483647;
			files = (
			);
			runOnlyForDeploymentPostprocessing = 0;
		};
		8D1AC9660486D14A00FE50C9 /* Resources */ = {
			isa = PBXResourcesBuildPhase;
			buildActionMask = 2147483647;
			files = (
				8D1AC9670486D14A00FE50C9 /* IconTrayInspector.nib in Resources */,
				8D1AC9680486D14A00FE50C9 /* IconTrayPalette.nib in Resources */,
				8D1AC9690486D14A00FE50C9 /* palette.table in Resources */,
				8D1AC9800486D23B00FE50C9 /* InfoPlist.strings in Resources */,
				54D33B2906778E3300C9C163 /* IconTray.ibclassdescription in Resources */,
				F44A880209178EAA004AD55A /* IconTray.tiff in Resources */,
			);
			runOnlyForDeploymentPostprocessing = 0;
		};
		F46A8D5708F936E800DC0F4A /* Resources */ = {
			isa = PBXResourcesBuildPhase;
			buildActionMask = 2147483647;
			files = (
				F46A8D8708F938EF00DC0F4A /* MainMenu.nib in Resources */,
				F494966108F95DD600A4311A /* IconTray.tiff in Resources */,
			);
			runOnlyForDeploymentPostprocessing = 0;
		};
/* End PBXResourcesBuildPhase section */

/* Begin PBXSourcesBuildPhase section */
		53DF68FA067E5B5A0090B5B0 /* Sources */ = {
			isa = PBXSourcesBuildPhase;
			buildActionMask = 2147483647;
			files = (
				F41CD7C6091240AF00D66C88 /* IconTray.m in Sources */,
			);
			runOnlyForDeploymentPostprocessing = 0;
		};
		8D1AC96A0486D14A00FE50C9 /* Sources */ = {
			isa = PBXSourcesBuildPhase;
			buildActionMask = 2147483647;
			files = (
				8D1AC96C0486D14A00FE50C9 /* IconTrayInspector.m in Sources */,
				8D1AC96D0486D14A00FE50C9 /* IconTrayPalette.m in Sources */,
			);
			runOnlyForDeploymentPostprocessing = 0;
		};
		F46A8D5808F936E800DC0F4A /* Sources */ = {
			isa = PBXSourcesBuildPhase;
			buildActionMask = 2147483647;
			files = (
				F46A8D8008F9389800DC0F4A /* TestIconTray.m in Sources */,
				F46A8D9C08F93B2C00DC0F4A /* TestMain.m in Sources */,
				F41CD7C7091240BA00D66C88 /* IconTray.m in Sources */,
			);
			runOnlyForDeploymentPostprocessing = 0;
		};
/* End PBXSourcesBuildPhase section */

/* Begin PBXTargetDependency section */
		53DF6903067E5B930090B5B0 /* PBXTargetDependency */ = {
			isa = PBXTargetDependency;
			target = 8D1AC9600486D14A00FE50C9 /* IconTrayPalette */;
			targetProxy = 53DF6902067E5B930090B5B0 /* PBXContainerItemProxy */;
		};
		53DF6905067E5B930090B5B0 /* PBXTargetDependency */ = {
			isa = PBXTargetDependency;
			target = 53DF68FC067E5B5A0090B5B0 /* IconTray */;
			targetProxy = 53DF6904067E5B930090B5B0 /* PBXContainerItemProxy */;
		};
		546DEAF0067F62F70098DCC4 /* PBXTargetDependency */ = {
			isa = PBXTargetDependency;
			target = 53DF68FC067E5B5A0090B5B0 /* IconTray */;
			targetProxy = 546DEAEF067F62F70098DCC4 /* PBXContainerItemProxy */;
		};
/* End PBXTargetDependency section */

/* Begin PBXVariantGroup section */
		0259C57EFE90428111CA0C5A /* IconTrayInspector.nib */ = {
			isa = PBXVariantGroup;
			children = (
				0259C57FFE90428111CA0C5A /* English */,
			);
			name = IconTrayInspector.nib;
			sourceTree = "<group>";
		};
		0259C580FE90428111CA0C5A /* IconTrayPalette.nib */ = {
			isa = PBXVariantGroup;
			children = (
				0259C581FE90428111CA0C5A /* English */,
			);
			name = IconTrayPalette.nib;
			sourceTree = "<group>";
		};
		8D1AC97F0486D23B00FE50C9 /* InfoPlist.strings */ = {
			isa = PBXVariantGroup;
			children = (
				8D1AC97B0486D23100FE50C9 /* English */,
			);
			name = InfoPlist.strings;
			sourceTree = "<group>";
		};
		F46A8D8508F938EF00DC0F4A /* MainMenu.nib */ = {
			isa = PBXVariantGroup;
			children = (
				F46A8D8608F938EF00DC0F4A /* English */,
			);
			name = MainMenu.nib;
			sourceTree = "<group>";
		};
/* End PBXVariantGroup section */

/* Begin XCBuildConfiguration section */
		F46A8CDC08F8B7BF00DC0F4A /* Debug */ = {
			isa = XCBuildConfiguration;
			buildSettings = {
				COPY_PHASE_STRIP = NO;
				DEPLOYMENT_LOCATION = NO;
				DSTROOT = "/tmp/$(PROJECT_NAME).dst";
				DYLIB_COMPATIBILITY_VERSION = 1;
				DYLIB_CURRENT_VERSION = 1;
				FRAMEWORK_VERSION = A;
				GCC_DYNAMIC_NO_PIC = NO;
				GCC_ENABLE_FIX_AND_CONTINUE = YES;
				GCC_GENERATE_DEBUGGING_SYMBOLS = YES;
				GCC_OPTIMIZATION_LEVEL = 0;
				GCC_PRECOMPILE_PREFIX_HEADER = YES;
				GCC_PREFIX_HEADER = "$(SYSTEM_LIBRARY_DIR)/Frameworks/AppKit.framework/Headers/AppKit.h";
				GCC_WARN_ABOUT_RETURN_TYPE = YES;
				GCC_WARN_UNUSED_VARIABLE = YES;
				INFOPLIST_FILE = "IconTrayFramework-Info.plist";
				INSTALL_PATH = "@executable_path/../Frameworks";
				OTHER_CFLAGS = "";
				OTHER_LDFLAGS = (
					"-framework",
					Foundation,
					"-framework",
					AppKit,
				);
				OTHER_REZFLAGS = "";
				PREBINDING = NO;
				PRODUCT_NAME = IconTray;
				SECTORDER_FLAGS = "";
				WARNING_CFLAGS = (
					"-Wno-four-char-constants",
					"-Wno-unknown-pragmas",
				);
				ZERO_LINK = YES;
			};
			name = Debug;
		};
		F46A8CDD08F8B7BF00DC0F4A /* Release */ = {
			isa = XCBuildConfiguration;
			buildSettings = {
				COPY_PHASE_STRIP = YES;
				DEPLOYMENT_LOCATION = NO;
				DSTROOT = "/tmp/$(PROJECT_NAME).dst";
				DYLIB_COMPATIBILITY_VERSION = 1;
				DYLIB_CURRENT_VERSION = 1;
				FRAMEWORK_VERSION = A;
				GCC_ENABLE_FIX_AND_CONTINUE = NO;
				GCC_GENERATE_DEBUGGING_SYMBOLS = NO;
				GCC_PRECOMPILE_PREFIX_HEADER = YES;
				GCC_PREFIX_HEADER = "$(SYSTEM_LIBRARY_DIR)/Frameworks/AppKit.framework/Headers/AppKit.h";
				GCC_WARN_ABOUT_RETURN_TYPE = YES;
				GCC_WARN_UNUSED_VARIABLE = YES;
				INFOPLIST_FILE = "IconTrayFramework-Info.plist";
				INSTALL_PATH = "@executable_path/../Frameworks";
				OTHER_CFLAGS = "";
				OTHER_LDFLAGS = (
					"-framework",
					Foundation,
					"-framework",
					AppKit,
				);
				OTHER_REZFLAGS = "";
				PREBINDING = NO;
				PRODUCT_NAME = IconTray;
				SECTORDER_FLAGS = "";
				WARNING_CFLAGS = (
					"-Wno-four-char-constants",
					"-Wno-unknown-pragmas",
				);
				ZERO_LINK = NO;
			};
			name = Release;
		};
		F46A8CDE08F8B7BF00DC0F4A /* Default */ = {
			isa = XCBuildConfiguration;
			buildSettings = {
				DEPLOYMENT_LOCATION = NO;
				DSTROOT = "/tmp/$(PROJECT_NAME).dst";
				DYLIB_COMPATIBILITY_VERSION = 1;
				DYLIB_CURRENT_VERSION = 1;
				FRAMEWORK_VERSION = A;
				GCC_PRECOMPILE_PREFIX_HEADER = YES;
				GCC_PREFIX_HEADER = "$(SYSTEM_LIBRARY_DIR)/Frameworks/AppKit.framework/Headers/AppKit.h";
				GCC_WARN_ABOUT_RETURN_TYPE = YES;
				GCC_WARN_UNUSED_VARIABLE = YES;
				INFOPLIST_FILE = "IconTrayFramework-Info.plist";
				INSTALL_PATH = "@executable_path/../Frameworks";
				OTHER_CFLAGS = "";
				OTHER_LDFLAGS = (
					"-framework",
					Foundation,
					"-framework",
					AppKit,
				);
				OTHER_REZFLAGS = "";
				PREBINDING = NO;
				PRODUCT_NAME = IconTray;
				SECTORDER_FLAGS = "";
				WARNING_CFLAGS = (
					"-Wno-four-char-constants",
					"-Wno-unknown-pragmas",
				);
			};
			name = Default;
		};
		F46A8CE008F8B7BF00DC0F4A /* Debug */ = {
			isa = XCBuildConfiguration;
			buildSettings = {
				COPY_PHASE_STRIP = NO;
				DEPLOYMENT_LOCATION = NO;
				DSTROOT = /;
				FRAMEWORK_SEARCH_PATHS = "$(BUILT_PRODUCTS_DIR)";
				GCC_DYNAMIC_NO_PIC = NO;
				GCC_ENABLE_FIX_AND_CONTINUE = YES;
				GCC_GENERATE_DEBUGGING_SYMBOLS = YES;
				GCC_OPTIMIZATION_LEVEL = 0;
				GCC_PRECOMPILE_PREFIX_HEADER = YES;
				GCC_PREFIX_HEADER = IconTray_Prefix.pch;
				GCC_WARN_ABOUT_RETURN_TYPE = YES;
				GCC_WARN_UNUSED_VARIABLE = YES;
				INFOPLIST_FILE = Info.plist;
				INSTALL_PATH = "$(HOME)/Library/Palettes";
				OTHER_LDFLAGS = "-bundle";
				PREBINDING = NO;
				PRODUCT_NAME = IconTray;
				WRAPPER_EXTENSION = palette;
				ZERO_LINK = YES;
			};
			name = Debug;
		};
		F46A8CE108F8B7BF00DC0F4A /* Release */ = {
			isa = XCBuildConfiguration;
			buildSettings = {
				COPY_PHASE_STRIP = YES;
				DEPLOYMENT_LOCATION = NO;
				DSTROOT = /;
				FRAMEWORK_SEARCH_PATHS = "$(BUILT_PRODUCTS_DIR)";
				GCC_ENABLE_FIX_AND_CONTINUE = NO;
				GCC_GENERATE_DEBUGGING_SYMBOLS = NO;
				GCC_PRECOMPILE_PREFIX_HEADER = YES;
				GCC_PREFIX_HEADER = IconTray_Prefix.pch;
				GCC_WARN_ABOUT_RETURN_TYPE = YES;
				GCC_WARN_UNUSED_VARIABLE = YES;
				INFOPLIST_FILE = Info.plist;
				INSTALL_PATH = "$(HOME)/Library/Palettes";
				OTHER_LDFLAGS = "-bundle";
				PREBINDING = NO;
				PRODUCT_NAME = IconTray;
				SYMROOT = build;
				WRAPPER_EXTENSION = palette;
				ZERO_LINK = NO;
			};
			name = Release;
		};
		F46A8CE208F8B7BF00DC0F4A /* Default */ = {
			isa = XCBuildConfiguration;
			buildSettings = {
				DEPLOYMENT_LOCATION = NO;
				DSTROOT = /;
				FRAMEWORK_SEARCH_PATHS = "$(BUILT_PRODUCTS_DIR)";
				GCC_GENERATE_DEBUGGING_SYMBOLS = NO;
				GCC_PRECOMPILE_PREFIX_HEADER = YES;
				GCC_PREFIX_HEADER = IconTray_Prefix.pch;
				GCC_WARN_ABOUT_RETURN_TYPE = YES;
				GCC_WARN_UNUSED_VARIABLE = YES;
				INFOPLIST_FILE = Info.plist;
				INSTALL_PATH = "$(HOME)/Library/Palettes";
				OTHER_LDFLAGS = "-bundle";
				PREBINDING = NO;
				PRODUCT_NAME = IconTray;
				WRAPPER_EXTENSION = palette;
			};
			name = Default;
		};
		F46A8CE408F8B7BF00DC0F4A /* Debug */ = {
			isa = XCBuildConfiguration;
			buildSettings = {
				COPY_PHASE_STRIP = NO;
				GCC_DYNAMIC_NO_PIC = NO;
				GCC_ENABLE_FIX_AND_CONTINUE = YES;
				GCC_GENERATE_DEBUGGING_SYMBOLS = YES;
				GCC_OPTIMIZATION_LEVEL = 0;
				GCC_WARN_ABOUT_RETURN_TYPE = YES;
				GCC_WARN_UNUSED_VARIABLE = YES;
				OTHER_CFLAGS = "";
				OTHER_LDFLAGS = "";
				OTHER_REZFLAGS = "";
				PREBINDING = NO;
				PRODUCT_NAME = All;
				SECTORDER_FLAGS = "";
				WARNING_CFLAGS = (
					"-Wmost",
					"-Wno-four-char-constants",
					"-Wno-unknown-pragmas",
				);
				ZERO_LINK = YES;
			};
			name = Debug;
		};
		F46A8CE508F8B7BF00DC0F4A /* Release */ = {
			isa = XCBuildConfiguration;
			buildSettings = {
				COPY_PHASE_STRIP = YES;
				GCC_ENABLE_FIX_AND_CONTINUE = NO;
				GCC_GENERATE_DEBUGGING_SYMBOLS = NO;
				GCC_WARN_ABOUT_RETURN_TYPE = YES;
				GCC_WARN_UNUSED_VARIABLE = YES;
				OTHER_CFLAGS = "";
				OTHER_LDFLAGS = "";
				OTHER_REZFLAGS = "";
				PREBINDING = NO;
				PRODUCT_NAME = All;
				SECTORDER_FLAGS = "";
				WARNING_CFLAGS = (
					"-Wmost",
					"-Wno-four-char-constants",
					"-Wno-unknown-pragmas",
				);
				ZERO_LINK = NO;
			};
			name = Release;
		};
		F46A8CE608F8B7BF00DC0F4A /* Default */ = {
			isa = XCBuildConfiguration;
			buildSettings = {
				GCC_WARN_ABOUT_RETURN_TYPE = YES;
				GCC_WARN_UNUSED_VARIABLE = YES;
				OTHER_CFLAGS = "";
				OTHER_LDFLAGS = "";
				OTHER_REZFLAGS = "";
				PRODUCT_NAME = All;
				SECTORDER_FLAGS = "";
				WARNING_CFLAGS = (
					"-Wmost",
					"-Wno-four-char-constants",
					"-Wno-unknown-pragmas",
				);
			};
			name = Default;
		};
		F46A8CE808F8B7BF00DC0F4A /* Debug */ = {
			isa = XCBuildConfiguration;
			buildSettings = {
				GCC_PREPROCESSOR_DEFINITIONS = DEBUG;
				MACOSX_DEPLOYMENT_TARGET = 10.4;
				SDKROOT = /Developer/SDKs/MacOSX10.4u.sdk;
			};
			name = Debug;
		};
		F46A8CE908F8B7BF00DC0F4A /* Release */ = {
			isa = XCBuildConfiguration;
			buildSettings = {
				ARCHS = (
					ppc,
					i386,
				);
				MACOSX_DEPLOYMENT_TARGET = 10.4;
				SDKROOT = /Developer/SDKs/MacOSX10.4u.sdk;
			};
			name = Release;
		};
		F46A8CEA08F8B7BF00DC0F4A /* Default */ = {
			isa = XCBuildConfiguration;
			buildSettings = {
				MACOSX_DEPLOYMENT_TARGET = 10.4;
				SDKROOT = /Developer/SDKs/MacOSX10.4u.sdk;
			};
			name = Default;
		};
		F46A8D6008F936EA00DC0F4A /* Debug */ = {
			isa = XCBuildConfiguration;
			buildSettings = {
				COPY_PHASE_STRIP = NO;
				DEPLOYMENT_LOCATION = NO;
				FRAMEWORK_SEARCH_PATHS = "";
				GCC_GENERATE_DEBUGGING_SYMBOLS = YES;
				GCC_MODEL_TUNING = G4;
				GCC_OPTIMIZATION_LEVEL = 0;
				GCC_PRECOMPILE_PREFIX_HEADER = YES;
				GCC_PREFIX_HEADER = TestIconTray_Prefix.pch;
				INFOPLIST_FILE = "TestIconTray-Info.plist";
				INSTALL_PATH = "$(USER_APPS_DIR)";
				MACOSX_DEPLOYMENT_TARGET = "";
				OPTIMIZATION_CFLAGS = "-O0";
				OTHER_CFLAGS = "";
				OTHER_LDFLAGS = (
					"-framework",
					Foundation,
					"-framework",
					AppKit,
				);
				OTHER_REZFLAGS = "";
				PREBINDING = NO;
				PRODUCT_NAME = TestIconTray;
				SECTORDER_FLAGS = "";
				WARNING_CFLAGS = (
					"-Wmost",
					"-Wno-four-char-constants",
					"-Wno-unknown-pragmas",
				);
				ZERO_LINK = YES;
			};
			name = Debug;
		};
		F46A8D6108F936EA00DC0F4A /* Release */ = {
			isa = XCBuildConfiguration;
			buildSettings = {
				COPY_PHASE_STRIP = YES;
				DEPLOYMENT_LOCATION = NO;
				FRAMEWORK_SEARCH_PATHS = "";
				GCC_GENERATE_DEBUGGING_SYMBOLS = NO;
				GCC_MODEL_TUNING = G4;
				GCC_PRECOMPILE_PREFIX_HEADER = YES;
				GCC_PREFIX_HEADER = TestIconTray_Prefix.pch;
				INFOPLIST_FILE = "TestIconTray-Info.plist";
				INSTALL_PATH = "$(USER_APPS_DIR)";
				MACOSX_DEPLOYMENT_TARGET = "";
				OPTIMIZATION_CFLAGS = "-O0";
				OTHER_CFLAGS = "";
				OTHER_LDFLAGS = (
					"-framework",
					Foundation,
					"-framework",
					AppKit,
				);
				OTHER_REZFLAGS = "";
				PREBINDING = NO;
				PRODUCT_NAME = TestIconTray;
				SECTORDER_FLAGS = "";
				WARNING_CFLAGS = (
					"-Wmost",
					"-Wno-four-char-constants",
					"-Wno-unknown-pragmas",
				);
			};
			name = Release;
		};
		F46A8D6208F936EA00DC0F4A /* Default */ = {
			isa = XCBuildConfiguration;
			buildSettings = {
				DEPLOYMENT_LOCATION = NO;
				FRAMEWORK_SEARCH_PATHS = "";
				GCC_GENERATE_DEBUGGING_SYMBOLS = NO;
				GCC_MODEL_TUNING = G4;
				GCC_PRECOMPILE_PREFIX_HEADER = YES;
				GCC_PREFIX_HEADER = TestIconTray_Prefix.pch;
				INFOPLIST_FILE = "TestIconTray-Info.plist";
				INSTALL_PATH = "$(USER_APPS_DIR)";
				MACOSX_DEPLOYMENT_TARGET = "";
				OPTIMIZATION_CFLAGS = "-O0";
				OTHER_CFLAGS = "";
				OTHER_LDFLAGS = (
					"-framework",
					Foundation,
					"-framework",
					AppKit,
				);
				OTHER_REZFLAGS = "";
				PREBINDING = NO;
				PRODUCT_NAME = TestIconTray;
				SECTORDER_FLAGS = "";
				WARNING_CFLAGS = (
					"-Wmost",
					"-Wno-four-char-constants",
					"-Wno-unknown-pragmas",
				);
			};
			name = Default;
		};
/* End XCBuildConfiguration section */

/* Begin XCConfigurationList section */
		F46A8CDB08F8B7BF00DC0F4A /* Build configuration list for PBXNativeTarget "IconTray" */ = {
			isa = XCConfigurationList;
			buildConfigurations = (
				F46A8CDC08F8B7BF00DC0F4A /* Debug */,
				F46A8CDD08F8B7BF00DC0F4A /* Release */,
				F46A8CDE08F8B7BF00DC0F4A /* Default */,
			);
			defaultConfigurationIsVisible = 0;
			defaultConfigurationName = Default;
		};
		F46A8CDF08F8B7BF00DC0F4A /* Build configuration list for PBXNativeTarget "IconTrayPalette" */ = {
			isa = XCConfigurationList;
			buildConfigurations = (
				F46A8CE008F8B7BF00DC0F4A /* Debug */,
				F46A8CE108F8B7BF00DC0F4A /* Release */,
				F46A8CE208F8B7BF00DC0F4A /* Default */,
			);
			defaultConfigurationIsVisible = 0;
			defaultConfigurationName = Default;
		};
		F46A8CE308F8B7BF00DC0F4A /* Build configuration list for PBXAggregateTarget "All" */ = {
			isa = XCConfigurationList;
			buildConfigurations = (
				F46A8CE408F8B7BF00DC0F4A /* Debug */,
				F46A8CE508F8B7BF00DC0F4A /* Release */,
				F46A8CE608F8B7BF00DC0F4A /* Default */,
			);
			defaultConfigurationIsVisible = 0;
			defaultConfigurationName = Default;
		};
		F46A8CE708F8B7BF00DC0F4A /* Build configuration list for PBXProject "IconTray" */ = {
			isa = XCConfigurationList;
			buildConfigurations = (
				F46A8CE808F8B7BF00DC0F4A /* Debug */,
				F46A8CE908F8B7BF00DC0F4A /* Release */,
				F46A8CEA08F8B7BF00DC0F4A /* Default */,
			);
			defaultConfigurationIsVisible = 0;
			defaultConfigurationName = Default;
		};
		F46A8D5F08F936EA00DC0F4A /* Build configuration list for PBXNativeTarget "TestIconTray" */ = {
			isa = XCConfigurationList;
			buildConfigurations = (
				F46A8D6008F936EA00DC0F4A /* Debug */,
				F46A8D6108F936EA00DC0F4A /* Release */,
				F46A8D6208F936EA00DC0F4A /* Default */,
			);
			defaultConfigurationIsVisible = 0;
			defaultConfigurationName = Default;
		};
/* End XCConfigurationList section */
	};
	rootObject = 0259C573FE90428111CA0C5A /* Project object */;
}
